
Microsoft Visual Studio Solution File, Format Version 12.00
# Visual Studio 15
VisualStudioVersion = 15.0.26726.0
MinimumVisualStudioVersion = 10.0.40219.1
Project("{FAE04EC0-301F-11D3-BF4B-00C04F79EFBC}") = "UnitTestProject1", "UnitTestProject1\UnitTestProject1.csproj", "{620CBFBC-D494-49CC-9469-4836ED605D9F}"
EndProject
Project("{FAE04EC0-301F-11D3-BF4B-00C04F79EFBC}") = "UnitTestProject2", "UnitTestProject2\UnitTestProject2.csproj", "{D4CFA3F7-785D-47D3-89C0-DB8AAC7CBD6E}"
EndProject
Project("{FAE04EC0-301F-11D3-BF4B-00C04F79EFBC}") = "UnitTestProject3", "UnitTestProject3\UnitTestProject3.csproj", "{43791CBF-2A6E-4FD6-978C-4CB85289EF65}"
EndProject
Project("{FAE04EC0-301F-11D3-BF4B-00C04F79EFBC}") = "UnitTestProject4", "UnitTestProject4\UnitTestProject4.csproj", "{9D9C7652-3438-4AFE-94A3-C970AF829814}"
EndProject
Project("{FAE04EC0-301F-11D3-BF4B-00C04F79EFBC}") = "UnitTestProject5", "UnitTestProject5\UnitTestProject5.csproj", "{E9DCF15F-D39E-404F-BC66-550DCFE401F9}"
EndProject
Project("{FAE04EC0-301F-11D3-BF4B-00C04F79EFBC}") = "UnitTestProject6", "UnitTestProject6\UnitTestProject6.csproj", "{433AAA7E-AB14-4A77-ABCD-936945676D87}"
EndProject
Project("{FAE04EC0-301F-11D3-BF4B-00C04F79EFBC}") = "UnitTestProject7", "UnitTestProject7\UnitTestProject7.csproj", "{7FC69FD5-29E6-4D04-AB01-D5EDB7593B5F}"
EndProject
Project("{FAE04EC0-301F-11D3-BF4B-00C04F79EFBC}") = "UnitTestProject8", "UnitTestProject8\UnitTestProject8.csproj", "{F3998C4D-FB11-4126-80E8-92CED9860032}"
EndProject
Project("{FAE04EC0-301F-11D3-BF4B-00C04F79EFBC}") = "UnitTestProject9", "UnitTestProject9\UnitTestProject9.csproj", "{2F1E503B-C8AB-44D5-9E0F-1D582A7A42D3}"
EndProject
Project("{FAE04EC0-301F-11D3-BF4B-00C04F79EFBC}") = "UnitTestProject10", "UnitTestProject10\UnitTestProject10.csproj", "{4D453B8F-EB43-4AA0-9339-56A16F21DCF6}"
EndProject
Global
	GlobalSection(SolutionConfigurationPlatforms) = preSolution
		Debug|Any CPU = Debug|Any CPU
		Release|Any CPU = Release|Any CPU
	EndGlobalSection
	GlobalSection(ProjectConfigurationPlatforms) = postSolution
		{620CBFBC-D494-49CC-9469-4836ED605D9F}.Debug|Any CPU.ActiveCfg = Debug|Any CPU
		{620CBFBC-D494-49CC-9469-4836ED605D9F}.Debug|Any CPU.Build.0 = Debug|Any CPU
		{620CBFBC-D494-49CC-9469-4836ED605D9F}.Release|Any CPU.ActiveCfg = Release|Any CPU
		{620CBFBC-D494-49CC-9469-4836ED605D9F}.Release|Any CPU.Build.0 = Release|Any CPU
		{D4CFA3F7-785D-47D3-89C0-DB8AAC7CBD6E}.Debug|Any CPU.ActiveCfg = Debug|Any CPU
		{D4CFA3F7-785D-47D3-89C0-DB8AAC7CBD6E}.Debug|Any CPU.Build.0 = Debug|Any CPU
		{D4CFA3F7-785D-47D3-89C0-DB8AAC7CBD6E}.Release|Any CPU.ActiveCfg = Release|Any CPU
		{D4CFA3F7-785D-47D3-89C0-DB8AAC7CBD6E}.Release|Any CPU.Build.0 = Release|Any CPU
		{43791CBF-2A6E-4FD6-978C-4CB85289EF65}.Debug|Any CPU.ActiveCfg = Debug|Any CPU
		{43791CBF-2A6E-4FD6-978C-4CB85289EF65}.Debug|Any CPU.Build.0 = Debug|Any CPU
		{43791CBF-2A6E-4FD6-978C-4CB85289EF65}.Release|Any CPU.ActiveCfg = Release|Any CPU
		{43791CBF-2A6E-4FD6-978C-4CB85289EF65}.Release|Any CPU.Build.0 = Release|Any CPU
		{9D9C7652-3438-4AFE-94A3-C970AF829814}.Debug|Any CPU.ActiveCfg = Debug|Any CPU
		{9D9C7652-3438-4AFE-94A3-C970AF829814}.Debug|Any CPU.Build.0 = Debug|Any CPU
		{9D9C7652-3438-4AFE-94A3-C970AF829814}.Release|Any CPU.ActiveCfg = Release|Any CPU
		{9D9C7652-3438-4AFE-94A3-C970AF829814}.Release|Any CPU.Build.0 = Release|Any CPU
		{E9DCF15F-D39E-404F-BC66-550DCFE401F9}.Debug|Any CPU.ActiveCfg = Debug|Any CPU
		{E9DCF15F-D39E-404F-BC66-550DCFE401F9}.Debug|Any CPU.Build.0 = Debug|Any CPU
		{E9DCF15F-D39E-404F-BC66-550DCFE401F9}.Release|Any CPU.ActiveCfg = Release|Any CPU
		{E9DCF15F-D39E-404F-BC66-550DCFE401F9}.Release|Any CPU.Build.0 = Release|Any CPU
		{433AAA7E-AB14-4A77-ABCD-936945676D87}.Debug|Any CPU.ActiveCfg = Debug|Any CPU
		{433AAA7E-AB14-4A77-ABCD-936945676D87}.Debug|Any CPU.Build.0 = Debug|Any CPU
		{433AAA7E-AB14-4A77-ABCD-936945676D87}.Release|Any CPU.ActiveCfg = Release|Any CPU
		{433AAA7E-AB14-4A77-ABCD-936945676D87}.Release|Any CPU.Build.0 = Release|Any CPU
		{7FC69FD5-29E6-4D04-AB01-D5EDB7593B5F}.Debug|Any CPU.ActiveCfg = Debug|Any CPU
		{7FC69FD5-29E6-4D04-AB01-D5EDB7593B5F}.Debug|Any CPU.Build.0 = Debug|Any CPU
		{7FC69FD5-29E6-4D04-AB01-D5EDB7593B5F}.Release|Any CPU.ActiveCfg = Release|Any CPU
		{7FC69FD5-29E6-4D04-AB01-D5EDB7593B5F}.Release|Any CPU.Build.0 = Release|Any CPU
		{F3998C4D-FB11-4126-80E8-92CED9860032}.Debug|Any CPU.ActiveCfg = Debug|Any CPU
		{F3998C4D-FB11-4126-80E8-92CED9860032}.Debug|Any CPU.Build.0 = Debug|Any CPU
		{F3998C4D-FB11-4126-80E8-92CED9860032}.Release|Any CPU.ActiveCfg = Release|Any CPU
		{F3998C4D-FB11-4126-80E8-92CED9860032}.Release|Any CPU.Build.0 = Release|Any CPU
		{2F1E503B-C8AB-44D5-9E0F-1D582A7A42D3}.Debug|Any CPU.ActiveCfg = Debug|Any CPU
		{2F1E503B-C8AB-44D5-9E0F-1D582A7A42D3}.Debug|Any CPU.Build.0 = Debug|Any CPU
		{2F1E503B-C8AB-44D5-9E0F-1D582A7A42D3}.Release|Any CPU.ActiveCfg = Release|Any CPU
		{2F1E503B-C8AB-44D5-9E0F-1D582A7A42D3}.Release|Any CPU.Build.0 = Release|Any CPU
		{4D453B8F-EB43-4AA0-9339-56A16F21DCF6}.Debug|Any CPU.ActiveCfg = Debug|Any CPU
		{4D453B8F-EB43-4AA0-9339-56A16F21DCF6}.Debug|Any CPU.Build.0 = Debug|Any CPU
		{4D453B8F-EB43-4AA0-9339-56A16F21DCF6}.Release|Any CPU.ActiveCfg = Release|Any CPU
		{4D453B8F-EB43-4AA0-9339-56A16F21DCF6}.Release|Any CPU.Build.0 = Release|Any CPU
	EndGlobalSection
	GlobalSection(SolutionProperties) = preSolution
		HideSolutionNode = FALSE
	EndGlobalSection
	GlobalSection(ExtensibilityGlobals) = postSolution
		SolutionGuid = {401D485C-7749-4000-8571-E3F1A20DA9A2}
	EndGlobalSection
EndGlobal
