
Microsoft Visual Studio Solution File, Format Version 12.00
# Visual Studio 15
VisualStudioVersion = 15.0.25923.3
MinimumVisualStudioVersion = 10.0.40219.1
Project("{2150E333-8FDC-42A3-9474-1A3956D46DE8}") = "src", "src", "{ED0C35EB-7F31-4841-A24F-8EB708FFA959}"
EndProject
Project("{FAE04EC0-301F-11D3-BF4B-00C04F79EFBC}") = "Microsoft.TestPlatform.CoreUtilities", "src\Microsoft.TestPlatform.CoreUtilities\Microsoft.TestPlatform.CoreUtilities.csproj", "{50C00046-0DA3-4B5C-9F6F-7BE1145E156A}"
EndProject
Project("{2150E333-8FDC-42A3-9474-1A3956D46DE8}") = "test", "test", "{B27FAFDF-2DBA-4AB0-BA85-FD5F21D359D6}"
EndProject
Project("{FAE04EC0-301F-11D3-BF4B-00C04F79EFBC}") = "Microsoft.TestPlatform.CoreUtilities.UnitTests", "test\Microsoft.TestPlatform.CoreUtilities.UnitTests\Microsoft.TestPlatform.CoreUtilities.UnitTests.csproj", "{01409D95-A5F1-4EBE-94B1-909D5D2D0DC3}"
EndProject
Project("{FAE04EC0-301F-11D3-BF4B-00C04F79EFBC}") = "datacollector", "src\datacollector\datacollector.csproj", "{2C7CE1F8-E73E-4987-8023-B5A0EBAC86E8}"
EndProject
Project("{FAE04EC0-301F-11D3-BF4B-00C04F79EFBC}") = "datacollector.x86", "src\datacollector.x86\datacollector.x86.csproj", "{2820F090-3F3D-4DA2-8CBA-B8273D695333}"
EndProject
Project("{FAE04EC0-301F-11D3-BF4B-00C04F79EFBC}") = "Microsoft.TestPlatform.Build", "src\Microsoft.TestPlatform.Build\Microsoft.TestPlatform.Build.csproj", "{6F5EC38C-4A11-40D3-827C-F607B90BEFF0}"
EndProject
Project("{2150E333-8FDC-42A3-9474-1A3956D46DE8}") = "Logger", "Logger", "{5E7F18A8-F843-4C8A-AB02-4C7D9205C6CF}"
EndProject
Project("{FAE04EC0-301F-11D3-BF4B-00C04F79EFBC}") = "Microsoft.TestPlatform.Client", "src\Microsoft.TestPlatform.Client\Microsoft.TestPlatform.Client.csproj", "{E19B5128-3469-492E-82E1-725631C4A68C}"
EndProject
Project("{FAE04EC0-301F-11D3-BF4B-00C04F79EFBC}") = "Microsoft.TestPlatform.Common", "src\Microsoft.TestPlatform.Common\Microsoft.TestPlatform.Common.csproj", "{68ADC720-316E-4895-9F8E-C3CCADD262BE}"
EndProject
Project("{FAE04EC0-301F-11D3-BF4B-00C04F79EFBC}") = "Microsoft.TestPlatform.CommunicationUtilities", "src\Microsoft.TestPlatform.CommunicationUtilities\Microsoft.TestPlatform.CommunicationUtilities.csproj", "{1621415E-7723-4F46-A589-4C4620C0751A}"
EndProject
Project("{FAE04EC0-301F-11D3-BF4B-00C04F79EFBC}") = "Microsoft.TestPlatform.CrossPlatEngine", "src\Microsoft.TestPlatform.CrossPlatEngine\Microsoft.TestPlatform.CrossPlatEngine.csproj", "{987898D9-724E-4324-BF91-77B1A6DBE8F1}"
EndProject
Project("{FAE04EC0-301F-11D3-BF4B-00C04F79EFBC}") = "Microsoft.TestPlatform.ObjectModel", "src\Microsoft.TestPlatform.ObjectModel\Microsoft.TestPlatform.ObjectModel.csproj", "{FD63F778-3938-45D2-900B-51EC770F70E5}"
EndProject
Project("{FAE04EC0-301F-11D3-BF4B-00C04F79EFBC}") = "Microsoft.TestPlatform.Utilities", "src\Microsoft.TestPlatform.Utilities\Microsoft.TestPlatform.Utilities.csproj", "{61F7F446-9EF3-4768-B33A-4D75F60E1059}"
EndProject
Project("{FAE04EC0-301F-11D3-BF4B-00C04F79EFBC}") = "Microsoft.TestPlatform.Extensions.TrxLogger", "src\Microsoft.TestPlatform.Extensions.TrxLogger\Microsoft.TestPlatform.Extensions.TrxLogger.csproj", "{D5296435-3A3F-4B1A-81D1-434EC9E97DEF}"
EndProject
Project("{FAE04EC0-301F-11D3-BF4B-00C04F79EFBC}") = "Microsoft.TestPlatform.VsTestConsole.TranslationLayer", "src\Microsoft.TestPlatform.VsTestConsole.TranslationLayer\Microsoft.TestPlatform.VsTestConsole.TranslationLayer.csproj", "{790B8030-00C2-4121-B125-EDC4CE329BA3}"
EndProject
Project("{FAE04EC0-301F-11D3-BF4B-00C04F79EFBC}") = "testhost", "src\testhost\testhost.csproj", "{27DFBD04-64B2-4F1B-82B2-006620CCA6F8}"
EndProject
Project("{FAE04EC0-301F-11D3-BF4B-00C04F79EFBC}") = "testhost.x86", "src\testhost.x86\testhost.x86.csproj", "{71CB42FF-E750-4A3B-9C3A-AC938853CC89}"
EndProject
Project("{FAE04EC0-301F-11D3-BF4B-00C04F79EFBC}") = "vstest.console", "src\vstest.console\vstest.console.csproj", "{10B6ADE1-F808-4612-801D-4452F5B52242}"
EndProject
Project("{FAE04EC0-301F-11D3-BF4B-00C04F79EFBC}") = "Microsoft.TestPlatform.VSIXCreator", "src\Microsoft.TestPlatform.VSIXCreator\Microsoft.TestPlatform.VSIXCreator.csproj", "{D5C17A3B-A6E6-4FB4-B089-827EECD5EDCB}"
EndProject
Project("{2150E333-8FDC-42A3-9474-1A3956D46DE8}") = "Integration", "Integration", "{46250E12-4CF1-4051-B4A7-80C8C06E0068}"
EndProject
Project("{2150E333-8FDC-42A3-9474-1A3956D46DE8}") = "Logger", "Logger", "{020E15EA-731F-4667-95AF-226671E0C3AE}"
EndProject
Project("{2150E333-8FDC-42A3-9474-1A3956D46DE8}") = "Performance", "Performance", "{595BE9C1-E10F-4E50-938A-E6C248D3F950}"
EndProject
Project("{2150E333-8FDC-42A3-9474-1A3956D46DE8}") = "TestAssets", "TestAssets", "{DD34CC1B-7286-495F-B1B4-93B1C4EB60A3}"
EndProject
Project("{FAE04EC0-301F-11D3-BF4B-00C04F79EFBC}") = "datacollector.x86.UnitTests", "test\datacollector.x86.UnitTests\datacollector.x86.UnitTests.csproj", "{F1001A64-974E-461E-B972-1A1330635677}"
EndProject
Project("{FAE04EC0-301F-11D3-BF4B-00C04F79EFBC}") = "Microsoft.TestPlatform.Client.UnitTests", "test\Microsoft.TestPlatform.Client.UnitTests\Microsoft.TestPlatform.Client.UnitTests.csproj", "{0D59BA81-6279-4650-AEBB-4EA735C28A1A}"
EndProject
Project("{FAE04EC0-301F-11D3-BF4B-00C04F79EFBC}") = "Microsoft.TestPlatform.Common.UnitTests", "test\Microsoft.TestPlatform.Common.UnitTests\Microsoft.TestPlatform.Common.UnitTests.csproj", "{DE730F17-7D5C-4D9D-B479-025024BF4F1D}"
EndProject
Project("{FAE04EC0-301F-11D3-BF4B-00C04F79EFBC}") = "Microsoft.TestPlatform.CommunicationUtilities.UnitTests", "test\Microsoft.TestPlatform.CommunicationUtilities.UnitTests\Microsoft.TestPlatform.CommunicationUtilities.UnitTests.csproj", "{E062FFD6-DEB1-4DB4-8B6E-ADBF04129545}"
EndProject
Project("{FAE04EC0-301F-11D3-BF4B-00C04F79EFBC}") = "Microsoft.TestPlatform.CrossPlatEngine.UnitTests", "test\Microsoft.TestPlatform.CrossPlatEngine.UnitTests\Microsoft.TestPlatform.CrossPlatEngine.UnitTests.csproj", "{F582949D-8B92-47BD-9DD7-9F2BFCCC290C}"
EndProject
Project("{FAE04EC0-301F-11D3-BF4B-00C04F79EFBC}") = "Microsoft.TestPlatform.ObjectModel.UnitTests", "test\Microsoft.TestPlatform.ObjectModel.UnitTests\Microsoft.TestPlatform.ObjectModel.UnitTests.csproj", "{376A7588-50DF-46CD-955B-0309F491D830}"
EndProject
Project("{FAE04EC0-301F-11D3-BF4B-00C04F79EFBC}") = "Microsoft.TestPlatform.TestUtilities", "test\Microsoft.TestPlatform.TestUtilities\Microsoft.TestPlatform.TestUtilities.csproj", "{5DF3CF65-3E11-4639-964D-7BEB4109DCF9}"
EndProject
Project("{FAE04EC0-301F-11D3-BF4B-00C04F79EFBC}") = "Microsoft.TestPlatform.Utilities.UnitTests", "test\Microsoft.TestPlatform.Utilities.UnitTests\Microsoft.TestPlatform.Utilities.UnitTests.csproj", "{D3E8A13B-92EE-45A8-BB24-40EC3CC9DB34}"
EndProject
Project("{FAE04EC0-301F-11D3-BF4B-00C04F79EFBC}") = "Microsoft.TestPlatform.VsTestConsole.TranslationLayer.UnitTests", "test\Microsoft.TestPlatform.VsTestConsole.TranslationLayer.UnitTests\Microsoft.TestPlatform.VsTestConsole.TranslationLayer.UnitTests.csproj", "{8FD97A6B-5C83-4985-9432-08347A2C2A47}"
EndProject
Project("{FAE04EC0-301F-11D3-BF4B-00C04F79EFBC}") = "testhost.UnitTests", "test\testhost.UnitTests\testhost.UnitTests.csproj", "{9EFCEFB5-253E-4DE2-8A70-821D7B8189DF}"
EndProject
Project("{FAE04EC0-301F-11D3-BF4B-00C04F79EFBC}") = "vstest.console.UnitTests", "test\vstest.console.UnitTests\vstest.console.UnitTests.csproj", "{3A8080FB-9C93-45B9-8EB5-828DDC31FDF0}"
EndProject
Project("{FAE04EC0-301F-11D3-BF4B-00C04F79EFBC}") = "Microsoft.TestPlatform.Extensions.TrxLogger.UnitTests", "test\Microsoft.TestPlatform.Extensions.TrxLogger.UnitTests\Microsoft.TestPlatform.Extensions.TrxLogger.UnitTests.csproj", "{BFF7714C-E5A3-4EEB-B04B-5FA47F29AD03}"
EndProject
Project("{FAE04EC0-301F-11D3-BF4B-00C04F79EFBC}") = "NUTestProject", "test\TestAssets\NUTestProject\NUTestProject.csproj", "{03026650-068C-47A2-8CDF-6637244D1D40}"
EndProject
Project("{FAE04EC0-301F-11D3-BF4B-00C04F79EFBC}") = "PerfTestProject", "test\TestAssets\PerfTestProject\PerfTestProject.csproj", "{CF29ABF7-E912-4D6A-A827-D3C8B5F30F61}"
EndProject
Project("{FAE04EC0-301F-11D3-BF4B-00C04F79EFBC}") = "SimpleDataCollector", "test\TestAssets\SimpleDataCollector\SimpleDataCollector.csproj", "{5B2948D9-BB77-4E86-A498-07E088F4198A}"
EndProject
Project("{FAE04EC0-301F-11D3-BF4B-00C04F79EFBC}") = "SimpleTestProject", "test\TestAssets\SimpleTestProject\SimpleTestProject.csproj", "{DB8FA538-B1EC-4AC1-B064-148C492AC45A}"
EndProject
Project("{FAE04EC0-301F-11D3-BF4B-00C04F79EFBC}") = "SimpleTestProject2", "test\TestAssets\SimpleTestProject2\SimpleTestProject2.csproj", "{8BA77782-9AAF-4114-A1D5-7CB23C283D6B}"
EndProject
Project("{FAE04EC0-301F-11D3-BF4B-00C04F79EFBC}") = "XUTestProject", "test\TestAssets\XUTestProject\XUTestProject.csproj", "{C3D28E4C-8F4A-4DDB-8E7E-225BDEC6EAAC}"
EndProject
Project("{2150E333-8FDC-42A3-9474-1A3956D46DE8}") = "dogfood", "dogfood", "{B9AB7A3D-4F63-48D2-86C0-70F52F6509AB}"
EndProject
Project("{FAE04EC0-301F-11D3-BF4B-00C04F79EFBC}") = "Microsoft.TestPlatform.E2ETest", "dogfood\Microsoft.TestPlatform.E2ETest\Microsoft.TestPlatform.E2ETest.csproj", "{B2C2FFD5-3C7D-42A3-B9B6-DEF63DE969AD}"
EndProject
Project("{FAE04EC0-301F-11D3-BF4B-00C04F79EFBC}") = "Microsoft.TestPlatform.TranslationLayer.E2ETest", "dogfood\Microsoft.TestPlatform.TranslationLayer.E2ETest\Microsoft.TestPlatform.TranslationLayer.E2ETest.csproj", "{0DD55440-38DC-4580-879C-70B043F77B1C}"
EndProject
Project("{FAE04EC0-301F-11D3-BF4B-00C04F79EFBC}") = "UnitTestProject", "dogfood\UnitTestProject\UnitTestProject.csproj", "{4514113D-07C0-4062-A673-04F188A79B7D}"
EndProject
Project("{2150E333-8FDC-42A3-9474-1A3956D46DE8}") = "scripts", "scripts", "{EE49F5DC-5835-4AE3-B3BA-8BDE0AD56330}"
	ProjectSection(SolutionItems) = preProject
		scripts\DisableUnitTesting.bat = scripts\DisableUnitTesting.bat
		scripts\EnableUnitTesting.bat = scripts\EnableUnitTesting.bat
	EndProjectSection
EndProject
Project("{2150E333-8FDC-42A3-9474-1A3956D46DE8}") = "Solution Items", "Solution Items", "{E344E0A2-7715-4C7F-BAF7-D64EA94CB19B}"
	ProjectSection(SolutionItems) = preProject
		Nuget.config = Nuget.config
	EndProjectSection
EndProject
Project("{FAE04EC0-301F-11D3-BF4B-00C04F79EFBC}") = "package", "src\package\package.csproj", "{D496D1A0-BC41-48C2-808B-34D8935BE96D}"
EndProject
Project("{FAE04EC0-301F-11D3-BF4B-00C04F79EFBC}") = "Microsoft.TestPlatform.AcceptanceTests", "test\Microsoft.TestPlatform.AcceptanceTests\Microsoft.TestPlatform.AcceptanceTests.csproj", "{DD9382B5-5EC4-4B3D-BEB7-95423731AE29}"
EndProject
Project("{FAE04EC0-301F-11D3-BF4B-00C04F79EFBC}") = "Microsoft.TestPlatform.SmokeTests", "test\Microsoft.TestPlatform.SmokeTests\Microsoft.TestPlatform.SmokeTests.csproj", "{156F8811-28BB-4EC7-87D9-434F10FB7DBE}"
EndProject
Project("{FAE04EC0-301F-11D3-BF4B-00C04F79EFBC}") = "Microsoft.TestPlatform.PerformanceTests", "test\Microsoft.TestPlatform.PerformanceTests\Microsoft.TestPlatform.PerformanceTests.csproj", "{A5B167ED-873A-4762-9326-5F43B8D3AFF6}"
EndProject
Project("{FAE04EC0-301F-11D3-BF4B-00C04F79EFBC}") = "Microsoft.TestPlatform.ObjectModel.PlatformTests", "test\Microsoft.TestPlatform.ObjectModel.PlatformTests\Microsoft.TestPlatform.ObjectModel.PlatformTests.csproj", "{107F28E1-6E91-4A06-8943-E5E5A7E4CA66}"
EndProject
Global
	GlobalSection(SolutionConfigurationPlatforms) = preSolution
		Debug|Any CPU = Debug|Any CPU
		Debug|x64 = Debug|x64
		Debug|x86 = Debug|x86
		Release|Any CPU = Release|Any CPU
		Release|x64 = Release|x64
		Release|x86 = Release|x86
	EndGlobalSection
	GlobalSection(ProjectConfigurationPlatforms) = postSolution
		{50C00046-0DA3-4B5C-9F6F-7BE1145E156A}.Debug|Any CPU.ActiveCfg = Debug|Any CPU
		{50C00046-0DA3-4B5C-9F6F-7BE1145E156A}.Debug|Any CPU.Build.0 = Debug|Any CPU
		{50C00046-0DA3-4B5C-9F6F-7BE1145E156A}.Debug|x64.ActiveCfg = Debug|x64
		{50C00046-0DA3-4B5C-9F6F-7BE1145E156A}.Debug|x64.Build.0 = Debug|x64
		{50C00046-0DA3-4B5C-9F6F-7BE1145E156A}.Debug|x86.ActiveCfg = Debug|x86
		{50C00046-0DA3-4B5C-9F6F-7BE1145E156A}.Debug|x86.Build.0 = Debug|x86
		{50C00046-0DA3-4B5C-9F6F-7BE1145E156A}.Release|Any CPU.ActiveCfg = Release|Any CPU
		{50C00046-0DA3-4B5C-9F6F-7BE1145E156A}.Release|Any CPU.Build.0 = Release|Any CPU
		{50C00046-0DA3-4B5C-9F6F-7BE1145E156A}.Release|x64.ActiveCfg = Release|x64
		{50C00046-0DA3-4B5C-9F6F-7BE1145E156A}.Release|x64.Build.0 = Release|x64
		{50C00046-0DA3-4B5C-9F6F-7BE1145E156A}.Release|x86.ActiveCfg = Release|x86
		{50C00046-0DA3-4B5C-9F6F-7BE1145E156A}.Release|x86.Build.0 = Release|x86
		{01409D95-A5F1-4EBE-94B1-909D5D2D0DC3}.Debug|Any CPU.ActiveCfg = Debug|Any CPU
		{01409D95-A5F1-4EBE-94B1-909D5D2D0DC3}.Debug|Any CPU.Build.0 = Debug|Any CPU
		{01409D95-A5F1-4EBE-94B1-909D5D2D0DC3}.Debug|x64.ActiveCfg = Debug|x64
		{01409D95-A5F1-4EBE-94B1-909D5D2D0DC3}.Debug|x64.Build.0 = Debug|x64
		{01409D95-A5F1-4EBE-94B1-909D5D2D0DC3}.Debug|x86.ActiveCfg = Debug|x86
		{01409D95-A5F1-4EBE-94B1-909D5D2D0DC3}.Debug|x86.Build.0 = Debug|x86
		{01409D95-A5F1-4EBE-94B1-909D5D2D0DC3}.Release|Any CPU.ActiveCfg = Release|Any CPU
		{01409D95-A5F1-4EBE-94B1-909D5D2D0DC3}.Release|Any CPU.Build.0 = Release|Any CPU
		{01409D95-A5F1-4EBE-94B1-909D5D2D0DC3}.Release|x64.ActiveCfg = Release|x64
		{01409D95-A5F1-4EBE-94B1-909D5D2D0DC3}.Release|x64.Build.0 = Release|x64
		{01409D95-A5F1-4EBE-94B1-909D5D2D0DC3}.Release|x86.ActiveCfg = Release|x86
		{01409D95-A5F1-4EBE-94B1-909D5D2D0DC3}.Release|x86.Build.0 = Release|x86
		{2C7CE1F8-E73E-4987-8023-B5A0EBAC86E8}.Debug|Any CPU.ActiveCfg = Debug|Any CPU
		{2C7CE1F8-E73E-4987-8023-B5A0EBAC86E8}.Debug|Any CPU.Build.0 = Debug|Any CPU
		{2C7CE1F8-E73E-4987-8023-B5A0EBAC86E8}.Debug|x64.ActiveCfg = Debug|x64
		{2C7CE1F8-E73E-4987-8023-B5A0EBAC86E8}.Debug|x64.Build.0 = Debug|x64
		{2C7CE1F8-E73E-4987-8023-B5A0EBAC86E8}.Debug|x86.ActiveCfg = Debug|x86
		{2C7CE1F8-E73E-4987-8023-B5A0EBAC86E8}.Debug|x86.Build.0 = Debug|x86
		{2C7CE1F8-E73E-4987-8023-B5A0EBAC86E8}.Release|Any CPU.ActiveCfg = Release|Any CPU
		{2C7CE1F8-E73E-4987-8023-B5A0EBAC86E8}.Release|Any CPU.Build.0 = Release|Any CPU
		{2C7CE1F8-E73E-4987-8023-B5A0EBAC86E8}.Release|x64.ActiveCfg = Release|x64
		{2C7CE1F8-E73E-4987-8023-B5A0EBAC86E8}.Release|x64.Build.0 = Release|x64
		{2C7CE1F8-E73E-4987-8023-B5A0EBAC86E8}.Release|x86.ActiveCfg = Release|x86
		{2C7CE1F8-E73E-4987-8023-B5A0EBAC86E8}.Release|x86.Build.0 = Release|x86
		{2820F090-3F3D-4DA2-8CBA-B8273D695333}.Debug|Any CPU.ActiveCfg = Debug|Any CPU
		{2820F090-3F3D-4DA2-8CBA-B8273D695333}.Debug|Any CPU.Build.0 = Debug|Any CPU
		{2820F090-3F3D-4DA2-8CBA-B8273D695333}.Debug|x64.ActiveCfg = Debug|x64
		{2820F090-3F3D-4DA2-8CBA-B8273D695333}.Debug|x64.Build.0 = Debug|x64
		{2820F090-3F3D-4DA2-8CBA-B8273D695333}.Debug|x86.ActiveCfg = Debug|x86
		{2820F090-3F3D-4DA2-8CBA-B8273D695333}.Debug|x86.Build.0 = Debug|x86
		{2820F090-3F3D-4DA2-8CBA-B8273D695333}.Release|Any CPU.ActiveCfg = Release|Any CPU
		{2820F090-3F3D-4DA2-8CBA-B8273D695333}.Release|Any CPU.Build.0 = Release|Any CPU
		{2820F090-3F3D-4DA2-8CBA-B8273D695333}.Release|x64.ActiveCfg = Release|x64
		{2820F090-3F3D-4DA2-8CBA-B8273D695333}.Release|x64.Build.0 = Release|x64
		{2820F090-3F3D-4DA2-8CBA-B8273D695333}.Release|x86.ActiveCfg = Release|x86
		{2820F090-3F3D-4DA2-8CBA-B8273D695333}.Release|x86.Build.0 = Release|x86
		{6F5EC38C-4A11-40D3-827C-F607B90BEFF0}.Debug|Any CPU.ActiveCfg = Debug|Any CPU
		{6F5EC38C-4A11-40D3-827C-F607B90BEFF0}.Debug|Any CPU.Build.0 = Debug|Any CPU
		{6F5EC38C-4A11-40D3-827C-F607B90BEFF0}.Debug|x64.ActiveCfg = Debug|x64
		{6F5EC38C-4A11-40D3-827C-F607B90BEFF0}.Debug|x64.Build.0 = Debug|x64
		{6F5EC38C-4A11-40D3-827C-F607B90BEFF0}.Debug|x86.ActiveCfg = Debug|x86
		{6F5EC38C-4A11-40D3-827C-F607B90BEFF0}.Debug|x86.Build.0 = Debug|x86
		{6F5EC38C-4A11-40D3-827C-F607B90BEFF0}.Release|Any CPU.ActiveCfg = Release|Any CPU
		{6F5EC38C-4A11-40D3-827C-F607B90BEFF0}.Release|Any CPU.Build.0 = Release|Any CPU
		{6F5EC38C-4A11-40D3-827C-F607B90BEFF0}.Release|x64.ActiveCfg = Release|x64
		{6F5EC38C-4A11-40D3-827C-F607B90BEFF0}.Release|x64.Build.0 = Release|x64
		{6F5EC38C-4A11-40D3-827C-F607B90BEFF0}.Release|x86.ActiveCfg = Release|x86
		{6F5EC38C-4A11-40D3-827C-F607B90BEFF0}.Release|x86.Build.0 = Release|x86
		{E19B5128-3469-492E-82E1-725631C4A68C}.Debug|Any CPU.ActiveCfg = Debug|Any CPU
		{E19B5128-3469-492E-82E1-725631C4A68C}.Debug|Any CPU.Build.0 = Debug|Any CPU
		{E19B5128-3469-492E-82E1-725631C4A68C}.Debug|x64.ActiveCfg = Debug|x64
		{E19B5128-3469-492E-82E1-725631C4A68C}.Debug|x64.Build.0 = Debug|x64
		{E19B5128-3469-492E-82E1-725631C4A68C}.Debug|x86.ActiveCfg = Debug|x86
		{E19B5128-3469-492E-82E1-725631C4A68C}.Debug|x86.Build.0 = Debug|x86
		{E19B5128-3469-492E-82E1-725631C4A68C}.Release|Any CPU.ActiveCfg = Release|Any CPU
		{E19B5128-3469-492E-82E1-725631C4A68C}.Release|Any CPU.Build.0 = Release|Any CPU
		{E19B5128-3469-492E-82E1-725631C4A68C}.Release|x64.ActiveCfg = Release|x64
		{E19B5128-3469-492E-82E1-725631C4A68C}.Release|x64.Build.0 = Release|x64
		{E19B5128-3469-492E-82E1-725631C4A68C}.Release|x86.ActiveCfg = Release|x86
		{E19B5128-3469-492E-82E1-725631C4A68C}.Release|x86.Build.0 = Release|x86
		{68ADC720-316E-4895-9F8E-C3CCADD262BE}.Debug|Any CPU.ActiveCfg = Debug|Any CPU
		{68ADC720-316E-4895-9F8E-C3CCADD262BE}.Debug|Any CPU.Build.0 = Debug|Any CPU
		{68ADC720-316E-4895-9F8E-C3CCADD262BE}.Debug|x64.ActiveCfg = Debug|x64
		{68ADC720-316E-4895-9F8E-C3CCADD262BE}.Debug|x64.Build.0 = Debug|x64
		{68ADC720-316E-4895-9F8E-C3CCADD262BE}.Debug|x86.ActiveCfg = Debug|x86
		{68ADC720-316E-4895-9F8E-C3CCADD262BE}.Debug|x86.Build.0 = Debug|x86
		{68ADC720-316E-4895-9F8E-C3CCADD262BE}.Release|Any CPU.ActiveCfg = Release|Any CPU
		{68ADC720-316E-4895-9F8E-C3CCADD262BE}.Release|Any CPU.Build.0 = Release|Any CPU
		{68ADC720-316E-4895-9F8E-C3CCADD262BE}.Release|x64.ActiveCfg = Release|x64
		{68ADC720-316E-4895-9F8E-C3CCADD262BE}.Release|x64.Build.0 = Release|x64
		{68ADC720-316E-4895-9F8E-C3CCADD262BE}.Release|x86.ActiveCfg = Release|x86
		{68ADC720-316E-4895-9F8E-C3CCADD262BE}.Release|x86.Build.0 = Release|x86
		{1621415E-7723-4F46-A589-4C4620C0751A}.Debug|Any CPU.ActiveCfg = Debug|Any CPU
		{1621415E-7723-4F46-A589-4C4620C0751A}.Debug|Any CPU.Build.0 = Debug|Any CPU
		{1621415E-7723-4F46-A589-4C4620C0751A}.Debug|x64.ActiveCfg = Debug|x64
		{1621415E-7723-4F46-A589-4C4620C0751A}.Debug|x64.Build.0 = Debug|x64
		{1621415E-7723-4F46-A589-4C4620C0751A}.Debug|x86.ActiveCfg = Debug|x86
		{1621415E-7723-4F46-A589-4C4620C0751A}.Debug|x86.Build.0 = Debug|x86
		{1621415E-7723-4F46-A589-4C4620C0751A}.Release|Any CPU.ActiveCfg = Release|Any CPU
		{1621415E-7723-4F46-A589-4C4620C0751A}.Release|Any CPU.Build.0 = Release|Any CPU
		{1621415E-7723-4F46-A589-4C4620C0751A}.Release|x64.ActiveCfg = Release|x64
		{1621415E-7723-4F46-A589-4C4620C0751A}.Release|x64.Build.0 = Release|x64
		{1621415E-7723-4F46-A589-4C4620C0751A}.Release|x86.ActiveCfg = Release|x86
		{1621415E-7723-4F46-A589-4C4620C0751A}.Release|x86.Build.0 = Release|x86
		{987898D9-724E-4324-BF91-77B1A6DBE8F1}.Debug|Any CPU.ActiveCfg = Debug|Any CPU
		{987898D9-724E-4324-BF91-77B1A6DBE8F1}.Debug|Any CPU.Build.0 = Debug|Any CPU
		{987898D9-724E-4324-BF91-77B1A6DBE8F1}.Debug|x64.ActiveCfg = Debug|x64
		{987898D9-724E-4324-BF91-77B1A6DBE8F1}.Debug|x64.Build.0 = Debug|x64
		{987898D9-724E-4324-BF91-77B1A6DBE8F1}.Debug|x86.ActiveCfg = Debug|x86
		{987898D9-724E-4324-BF91-77B1A6DBE8F1}.Debug|x86.Build.0 = Debug|x86
		{987898D9-724E-4324-BF91-77B1A6DBE8F1}.Release|Any CPU.ActiveCfg = Release|Any CPU
		{987898D9-724E-4324-BF91-77B1A6DBE8F1}.Release|Any CPU.Build.0 = Release|Any CPU
		{987898D9-724E-4324-BF91-77B1A6DBE8F1}.Release|x64.ActiveCfg = Release|x64
		{987898D9-724E-4324-BF91-77B1A6DBE8F1}.Release|x64.Build.0 = Release|x64
		{987898D9-724E-4324-BF91-77B1A6DBE8F1}.Release|x86.ActiveCfg = Release|x86
		{987898D9-724E-4324-BF91-77B1A6DBE8F1}.Release|x86.Build.0 = Release|x86
		{FD63F778-3938-45D2-900B-51EC770F70E5}.Debug|Any CPU.ActiveCfg = Debug|Any CPU
		{FD63F778-3938-45D2-900B-51EC770F70E5}.Debug|Any CPU.Build.0 = Debug|Any CPU
		{FD63F778-3938-45D2-900B-51EC770F70E5}.Debug|x64.ActiveCfg = Debug|x64
		{FD63F778-3938-45D2-900B-51EC770F70E5}.Debug|x64.Build.0 = Debug|x64
		{FD63F778-3938-45D2-900B-51EC770F70E5}.Debug|x86.ActiveCfg = Debug|x86
		{FD63F778-3938-45D2-900B-51EC770F70E5}.Debug|x86.Build.0 = Debug|x86
		{FD63F778-3938-45D2-900B-51EC770F70E5}.Release|Any CPU.ActiveCfg = Release|Any CPU
		{FD63F778-3938-45D2-900B-51EC770F70E5}.Release|Any CPU.Build.0 = Release|Any CPU
		{FD63F778-3938-45D2-900B-51EC770F70E5}.Release|x64.ActiveCfg = Release|x64
		{FD63F778-3938-45D2-900B-51EC770F70E5}.Release|x64.Build.0 = Release|x64
		{FD63F778-3938-45D2-900B-51EC770F70E5}.Release|x86.ActiveCfg = Release|x86
		{FD63F778-3938-45D2-900B-51EC770F70E5}.Release|x86.Build.0 = Release|x86
		{61F7F446-9EF3-4768-B33A-4D75F60E1059}.Debug|Any CPU.ActiveCfg = Debug|Any CPU
		{61F7F446-9EF3-4768-B33A-4D75F60E1059}.Debug|Any CPU.Build.0 = Debug|Any CPU
		{61F7F446-9EF3-4768-B33A-4D75F60E1059}.Debug|x64.ActiveCfg = Debug|x64
		{61F7F446-9EF3-4768-B33A-4D75F60E1059}.Debug|x64.Build.0 = Debug|x64
		{61F7F446-9EF3-4768-B33A-4D75F60E1059}.Debug|x86.ActiveCfg = Debug|x86
		{61F7F446-9EF3-4768-B33A-4D75F60E1059}.Debug|x86.Build.0 = Debug|x86
		{61F7F446-9EF3-4768-B33A-4D75F60E1059}.Release|Any CPU.ActiveCfg = Release|Any CPU
		{61F7F446-9EF3-4768-B33A-4D75F60E1059}.Release|Any CPU.Build.0 = Release|Any CPU
		{61F7F446-9EF3-4768-B33A-4D75F60E1059}.Release|x64.ActiveCfg = Release|x64
		{61F7F446-9EF3-4768-B33A-4D75F60E1059}.Release|x64.Build.0 = Release|x64
		{61F7F446-9EF3-4768-B33A-4D75F60E1059}.Release|x86.ActiveCfg = Release|x86
		{61F7F446-9EF3-4768-B33A-4D75F60E1059}.Release|x86.Build.0 = Release|x86
		{D5296435-3A3F-4B1A-81D1-434EC9E97DEF}.Debug|Any CPU.ActiveCfg = Debug|Any CPU
		{D5296435-3A3F-4B1A-81D1-434EC9E97DEF}.Debug|Any CPU.Build.0 = Debug|Any CPU
		{D5296435-3A3F-4B1A-81D1-434EC9E97DEF}.Debug|x64.ActiveCfg = Debug|x64
		{D5296435-3A3F-4B1A-81D1-434EC9E97DEF}.Debug|x64.Build.0 = Debug|x64
		{D5296435-3A3F-4B1A-81D1-434EC9E97DEF}.Debug|x86.ActiveCfg = Debug|x86
		{D5296435-3A3F-4B1A-81D1-434EC9E97DEF}.Debug|x86.Build.0 = Debug|x86
		{D5296435-3A3F-4B1A-81D1-434EC9E97DEF}.Release|Any CPU.ActiveCfg = Release|Any CPU
		{D5296435-3A3F-4B1A-81D1-434EC9E97DEF}.Release|Any CPU.Build.0 = Release|Any CPU
		{D5296435-3A3F-4B1A-81D1-434EC9E97DEF}.Release|x64.ActiveCfg = Release|x64
		{D5296435-3A3F-4B1A-81D1-434EC9E97DEF}.Release|x64.Build.0 = Release|x64
		{D5296435-3A3F-4B1A-81D1-434EC9E97DEF}.Release|x86.ActiveCfg = Release|x86
		{D5296435-3A3F-4B1A-81D1-434EC9E97DEF}.Release|x86.Build.0 = Release|x86
		{790B8030-00C2-4121-B125-EDC4CE329BA3}.Debug|Any CPU.ActiveCfg = Debug|Any CPU
		{790B8030-00C2-4121-B125-EDC4CE329BA3}.Debug|Any CPU.Build.0 = Debug|Any CPU
		{790B8030-00C2-4121-B125-EDC4CE329BA3}.Debug|x64.ActiveCfg = Debug|x64
		{790B8030-00C2-4121-B125-EDC4CE329BA3}.Debug|x64.Build.0 = Debug|x64
		{790B8030-00C2-4121-B125-EDC4CE329BA3}.Debug|x86.ActiveCfg = Debug|x86
		{790B8030-00C2-4121-B125-EDC4CE329BA3}.Debug|x86.Build.0 = Debug|x86
		{790B8030-00C2-4121-B125-EDC4CE329BA3}.Release|Any CPU.ActiveCfg = Release|Any CPU
		{790B8030-00C2-4121-B125-EDC4CE329BA3}.Release|Any CPU.Build.0 = Release|Any CPU
		{790B8030-00C2-4121-B125-EDC4CE329BA3}.Release|x64.ActiveCfg = Release|x64
		{790B8030-00C2-4121-B125-EDC4CE329BA3}.Release|x64.Build.0 = Release|x64
		{790B8030-00C2-4121-B125-EDC4CE329BA3}.Release|x86.ActiveCfg = Release|x86
		{790B8030-00C2-4121-B125-EDC4CE329BA3}.Release|x86.Build.0 = Release|x86
		{27DFBD04-64B2-4F1B-82B2-006620CCA6F8}.Debug|Any CPU.ActiveCfg = Debug|Any CPU
		{27DFBD04-64B2-4F1B-82B2-006620CCA6F8}.Debug|Any CPU.Build.0 = Debug|Any CPU
		{27DFBD04-64B2-4F1B-82B2-006620CCA6F8}.Debug|x64.ActiveCfg = Debug|x64
		{27DFBD04-64B2-4F1B-82B2-006620CCA6F8}.Debug|x64.Build.0 = Debug|x64
		{27DFBD04-64B2-4F1B-82B2-006620CCA6F8}.Debug|x86.ActiveCfg = Debug|x86
		{27DFBD04-64B2-4F1B-82B2-006620CCA6F8}.Debug|x86.Build.0 = Debug|x86
		{27DFBD04-64B2-4F1B-82B2-006620CCA6F8}.Release|Any CPU.ActiveCfg = Release|Any CPU
		{27DFBD04-64B2-4F1B-82B2-006620CCA6F8}.Release|Any CPU.Build.0 = Release|Any CPU
		{27DFBD04-64B2-4F1B-82B2-006620CCA6F8}.Release|x64.ActiveCfg = Release|x64
		{27DFBD04-64B2-4F1B-82B2-006620CCA6F8}.Release|x64.Build.0 = Release|x64
		{27DFBD04-64B2-4F1B-82B2-006620CCA6F8}.Release|x86.ActiveCfg = Release|x86
		{27DFBD04-64B2-4F1B-82B2-006620CCA6F8}.Release|x86.Build.0 = Release|x86
		{71CB42FF-E750-4A3B-9C3A-AC938853CC89}.Debug|Any CPU.ActiveCfg = Debug|Any CPU
		{71CB42FF-E750-4A3B-9C3A-AC938853CC89}.Debug|Any CPU.Build.0 = Debug|Any CPU
		{71CB42FF-E750-4A3B-9C3A-AC938853CC89}.Debug|x64.ActiveCfg = Debug|x64
		{71CB42FF-E750-4A3B-9C3A-AC938853CC89}.Debug|x64.Build.0 = Debug|x64
		{71CB42FF-E750-4A3B-9C3A-AC938853CC89}.Debug|x86.ActiveCfg = Debug|x86
		{71CB42FF-E750-4A3B-9C3A-AC938853CC89}.Debug|x86.Build.0 = Debug|x86
		{71CB42FF-E750-4A3B-9C3A-AC938853CC89}.Release|Any CPU.ActiveCfg = Release|Any CPU
		{71CB42FF-E750-4A3B-9C3A-AC938853CC89}.Release|Any CPU.Build.0 = Release|Any CPU
		{71CB42FF-E750-4A3B-9C3A-AC938853CC89}.Release|x64.ActiveCfg = Release|x64
		{71CB42FF-E750-4A3B-9C3A-AC938853CC89}.Release|x64.Build.0 = Release|x64
		{71CB42FF-E750-4A3B-9C3A-AC938853CC89}.Release|x86.ActiveCfg = Release|x86
		{71CB42FF-E750-4A3B-9C3A-AC938853CC89}.Release|x86.Build.0 = Release|x86
		{10B6ADE1-F808-4612-801D-4452F5B52242}.Debug|Any CPU.ActiveCfg = Debug|Any CPU
		{10B6ADE1-F808-4612-801D-4452F5B52242}.Debug|Any CPU.Build.0 = Debug|Any CPU
		{10B6ADE1-F808-4612-801D-4452F5B52242}.Debug|x64.ActiveCfg = Debug|x64
		{10B6ADE1-F808-4612-801D-4452F5B52242}.Debug|x64.Build.0 = Debug|x64
		{10B6ADE1-F808-4612-801D-4452F5B52242}.Debug|x86.ActiveCfg = Debug|x86
		{10B6ADE1-F808-4612-801D-4452F5B52242}.Debug|x86.Build.0 = Debug|x86
		{10B6ADE1-F808-4612-801D-4452F5B52242}.Release|Any CPU.ActiveCfg = Release|Any CPU
		{10B6ADE1-F808-4612-801D-4452F5B52242}.Release|Any CPU.Build.0 = Release|Any CPU
		{10B6ADE1-F808-4612-801D-4452F5B52242}.Release|x64.ActiveCfg = Release|x64
		{10B6ADE1-F808-4612-801D-4452F5B52242}.Release|x64.Build.0 = Release|x64
		{10B6ADE1-F808-4612-801D-4452F5B52242}.Release|x86.ActiveCfg = Release|x86
		{10B6ADE1-F808-4612-801D-4452F5B52242}.Release|x86.Build.0 = Release|x86
		{D5C17A3B-A6E6-4FB4-B089-827EECD5EDCB}.Debug|Any CPU.ActiveCfg = Debug|Any CPU
		{D5C17A3B-A6E6-4FB4-B089-827EECD5EDCB}.Debug|Any CPU.Build.0 = Debug|Any CPU
		{D5C17A3B-A6E6-4FB4-B089-827EECD5EDCB}.Debug|x64.ActiveCfg = Debug|Any CPU
		{D5C17A3B-A6E6-4FB4-B089-827EECD5EDCB}.Debug|x64.Build.0 = Debug|Any CPU
		{D5C17A3B-A6E6-4FB4-B089-827EECD5EDCB}.Debug|x86.ActiveCfg = Debug|Any CPU
		{D5C17A3B-A6E6-4FB4-B089-827EECD5EDCB}.Debug|x86.Build.0 = Debug|Any CPU
		{D5C17A3B-A6E6-4FB4-B089-827EECD5EDCB}.Release|Any CPU.ActiveCfg = Release|Any CPU
		{D5C17A3B-A6E6-4FB4-B089-827EECD5EDCB}.Release|Any CPU.Build.0 = Release|Any CPU
		{D5C17A3B-A6E6-4FB4-B089-827EECD5EDCB}.Release|x64.ActiveCfg = Release|Any CPU
		{D5C17A3B-A6E6-4FB4-B089-827EECD5EDCB}.Release|x64.Build.0 = Release|Any CPU
		{D5C17A3B-A6E6-4FB4-B089-827EECD5EDCB}.Release|x86.ActiveCfg = Release|Any CPU
		{D5C17A3B-A6E6-4FB4-B089-827EECD5EDCB}.Release|x86.Build.0 = Release|Any CPU
		{F1001A64-974E-461E-B972-1A1330635677}.Debug|Any CPU.ActiveCfg = Debug|Any CPU
		{F1001A64-974E-461E-B972-1A1330635677}.Debug|Any CPU.Build.0 = Debug|Any CPU
		{F1001A64-974E-461E-B972-1A1330635677}.Debug|x64.ActiveCfg = Debug|x64
		{F1001A64-974E-461E-B972-1A1330635677}.Debug|x64.Build.0 = Debug|x64
		{F1001A64-974E-461E-B972-1A1330635677}.Debug|x86.ActiveCfg = Debug|x86
		{F1001A64-974E-461E-B972-1A1330635677}.Debug|x86.Build.0 = Debug|x86
		{F1001A64-974E-461E-B972-1A1330635677}.Release|Any CPU.ActiveCfg = Release|Any CPU
		{F1001A64-974E-461E-B972-1A1330635677}.Release|Any CPU.Build.0 = Release|Any CPU
		{F1001A64-974E-461E-B972-1A1330635677}.Release|x64.ActiveCfg = Release|x64
		{F1001A64-974E-461E-B972-1A1330635677}.Release|x64.Build.0 = Release|x64
		{F1001A64-974E-461E-B972-1A1330635677}.Release|x86.ActiveCfg = Release|x86
		{F1001A64-974E-461E-B972-1A1330635677}.Release|x86.Build.0 = Release|x86
		{0D59BA81-6279-4650-AEBB-4EA735C28A1A}.Debug|Any CPU.ActiveCfg = Debug|Any CPU
		{0D59BA81-6279-4650-AEBB-4EA735C28A1A}.Debug|Any CPU.Build.0 = Debug|Any CPU
		{0D59BA81-6279-4650-AEBB-4EA735C28A1A}.Debug|x64.ActiveCfg = Debug|x64
		{0D59BA81-6279-4650-AEBB-4EA735C28A1A}.Debug|x64.Build.0 = Debug|x64
		{0D59BA81-6279-4650-AEBB-4EA735C28A1A}.Debug|x86.ActiveCfg = Debug|x86
		{0D59BA81-6279-4650-AEBB-4EA735C28A1A}.Debug|x86.Build.0 = Debug|x86
		{0D59BA81-6279-4650-AEBB-4EA735C28A1A}.Release|Any CPU.ActiveCfg = Release|Any CPU
		{0D59BA81-6279-4650-AEBB-4EA735C28A1A}.Release|Any CPU.Build.0 = Release|Any CPU
		{0D59BA81-6279-4650-AEBB-4EA735C28A1A}.Release|x64.ActiveCfg = Release|x64
		{0D59BA81-6279-4650-AEBB-4EA735C28A1A}.Release|x64.Build.0 = Release|x64
		{0D59BA81-6279-4650-AEBB-4EA735C28A1A}.Release|x86.ActiveCfg = Release|x86
		{0D59BA81-6279-4650-AEBB-4EA735C28A1A}.Release|x86.Build.0 = Release|x86
		{DE730F17-7D5C-4D9D-B479-025024BF4F1D}.Debug|Any CPU.ActiveCfg = Debug|Any CPU
		{DE730F17-7D5C-4D9D-B479-025024BF4F1D}.Debug|Any CPU.Build.0 = Debug|Any CPU
		{DE730F17-7D5C-4D9D-B479-025024BF4F1D}.Debug|x64.ActiveCfg = Debug|x64
		{DE730F17-7D5C-4D9D-B479-025024BF4F1D}.Debug|x64.Build.0 = Debug|x64
		{DE730F17-7D5C-4D9D-B479-025024BF4F1D}.Debug|x86.ActiveCfg = Debug|x86
		{DE730F17-7D5C-4D9D-B479-025024BF4F1D}.Debug|x86.Build.0 = Debug|x86
		{DE730F17-7D5C-4D9D-B479-025024BF4F1D}.Release|Any CPU.ActiveCfg = Release|Any CPU
		{DE730F17-7D5C-4D9D-B479-025024BF4F1D}.Release|Any CPU.Build.0 = Release|Any CPU
		{DE730F17-7D5C-4D9D-B479-025024BF4F1D}.Release|x64.ActiveCfg = Release|x64
		{DE730F17-7D5C-4D9D-B479-025024BF4F1D}.Release|x64.Build.0 = Release|x64
		{DE730F17-7D5C-4D9D-B479-025024BF4F1D}.Release|x86.ActiveCfg = Release|x86
		{DE730F17-7D5C-4D9D-B479-025024BF4F1D}.Release|x86.Build.0 = Release|x86
		{E062FFD6-DEB1-4DB4-8B6E-ADBF04129545}.Debug|Any CPU.ActiveCfg = Debug|Any CPU
		{E062FFD6-DEB1-4DB4-8B6E-ADBF04129545}.Debug|Any CPU.Build.0 = Debug|Any CPU
		{E062FFD6-DEB1-4DB4-8B6E-ADBF04129545}.Debug|x64.ActiveCfg = Debug|x64
		{E062FFD6-DEB1-4DB4-8B6E-ADBF04129545}.Debug|x64.Build.0 = Debug|x64
		{E062FFD6-DEB1-4DB4-8B6E-ADBF04129545}.Debug|x86.ActiveCfg = Debug|x86
		{E062FFD6-DEB1-4DB4-8B6E-ADBF04129545}.Debug|x86.Build.0 = Debug|x86
		{E062FFD6-DEB1-4DB4-8B6E-ADBF04129545}.Release|Any CPU.ActiveCfg = Release|Any CPU
		{E062FFD6-DEB1-4DB4-8B6E-ADBF04129545}.Release|Any CPU.Build.0 = Release|Any CPU
		{E062FFD6-DEB1-4DB4-8B6E-ADBF04129545}.Release|x64.ActiveCfg = Release|x64
		{E062FFD6-DEB1-4DB4-8B6E-ADBF04129545}.Release|x64.Build.0 = Release|x64
		{E062FFD6-DEB1-4DB4-8B6E-ADBF04129545}.Release|x86.ActiveCfg = Release|x86
		{E062FFD6-DEB1-4DB4-8B6E-ADBF04129545}.Release|x86.Build.0 = Release|x86
		{F582949D-8B92-47BD-9DD7-9F2BFCCC290C}.Debug|Any CPU.ActiveCfg = Debug|Any CPU
		{F582949D-8B92-47BD-9DD7-9F2BFCCC290C}.Debug|Any CPU.Build.0 = Debug|Any CPU
		{F582949D-8B92-47BD-9DD7-9F2BFCCC290C}.Debug|x64.ActiveCfg = Debug|x64
		{F582949D-8B92-47BD-9DD7-9F2BFCCC290C}.Debug|x64.Build.0 = Debug|x64
		{F582949D-8B92-47BD-9DD7-9F2BFCCC290C}.Debug|x86.ActiveCfg = Debug|x86
		{F582949D-8B92-47BD-9DD7-9F2BFCCC290C}.Debug|x86.Build.0 = Debug|x86
		{F582949D-8B92-47BD-9DD7-9F2BFCCC290C}.Release|Any CPU.ActiveCfg = Release|Any CPU
		{F582949D-8B92-47BD-9DD7-9F2BFCCC290C}.Release|Any CPU.Build.0 = Release|Any CPU
		{F582949D-8B92-47BD-9DD7-9F2BFCCC290C}.Release|x64.ActiveCfg = Release|x64
		{F582949D-8B92-47BD-9DD7-9F2BFCCC290C}.Release|x64.Build.0 = Release|x64
		{F582949D-8B92-47BD-9DD7-9F2BFCCC290C}.Release|x86.ActiveCfg = Release|x86
		{F582949D-8B92-47BD-9DD7-9F2BFCCC290C}.Release|x86.Build.0 = Release|x86
		{376A7588-50DF-46CD-955B-0309F491D830}.Debug|Any CPU.ActiveCfg = Debug|Any CPU
		{376A7588-50DF-46CD-955B-0309F491D830}.Debug|Any CPU.Build.0 = Debug|Any CPU
		{376A7588-50DF-46CD-955B-0309F491D830}.Debug|x64.ActiveCfg = Debug|x64
		{376A7588-50DF-46CD-955B-0309F491D830}.Debug|x64.Build.0 = Debug|x64
		{376A7588-50DF-46CD-955B-0309F491D830}.Debug|x86.ActiveCfg = Debug|x86
		{376A7588-50DF-46CD-955B-0309F491D830}.Debug|x86.Build.0 = Debug|x86
		{376A7588-50DF-46CD-955B-0309F491D830}.Release|Any CPU.ActiveCfg = Release|Any CPU
		{376A7588-50DF-46CD-955B-0309F491D830}.Release|Any CPU.Build.0 = Release|Any CPU
		{376A7588-50DF-46CD-955B-0309F491D830}.Release|x64.ActiveCfg = Release|x64
		{376A7588-50DF-46CD-955B-0309F491D830}.Release|x64.Build.0 = Release|x64
		{376A7588-50DF-46CD-955B-0309F491D830}.Release|x86.ActiveCfg = Release|x86
		{376A7588-50DF-46CD-955B-0309F491D830}.Release|x86.Build.0 = Release|x86
		{5DF3CF65-3E11-4639-964D-7BEB4109DCF9}.Debug|Any CPU.ActiveCfg = Debug|Any CPU
		{5DF3CF65-3E11-4639-964D-7BEB4109DCF9}.Debug|Any CPU.Build.0 = Debug|Any CPU
		{5DF3CF65-3E11-4639-964D-7BEB4109DCF9}.Debug|x64.ActiveCfg = Debug|x64
		{5DF3CF65-3E11-4639-964D-7BEB4109DCF9}.Debug|x64.Build.0 = Debug|x64
		{5DF3CF65-3E11-4639-964D-7BEB4109DCF9}.Debug|x86.ActiveCfg = Debug|x86
		{5DF3CF65-3E11-4639-964D-7BEB4109DCF9}.Debug|x86.Build.0 = Debug|x86
		{5DF3CF65-3E11-4639-964D-7BEB4109DCF9}.Release|Any CPU.ActiveCfg = Release|Any CPU
		{5DF3CF65-3E11-4639-964D-7BEB4109DCF9}.Release|Any CPU.Build.0 = Release|Any CPU
		{5DF3CF65-3E11-4639-964D-7BEB4109DCF9}.Release|x64.ActiveCfg = Release|x64
		{5DF3CF65-3E11-4639-964D-7BEB4109DCF9}.Release|x64.Build.0 = Release|x64
		{5DF3CF65-3E11-4639-964D-7BEB4109DCF9}.Release|x86.ActiveCfg = Release|x86
		{5DF3CF65-3E11-4639-964D-7BEB4109DCF9}.Release|x86.Build.0 = Release|x86
		{D3E8A13B-92EE-45A8-BB24-40EC3CC9DB34}.Debug|Any CPU.ActiveCfg = Debug|Any CPU
		{D3E8A13B-92EE-45A8-BB24-40EC3CC9DB34}.Debug|Any CPU.Build.0 = Debug|Any CPU
		{D3E8A13B-92EE-45A8-BB24-40EC3CC9DB34}.Debug|x64.ActiveCfg = Debug|x64
		{D3E8A13B-92EE-45A8-BB24-40EC3CC9DB34}.Debug|x64.Build.0 = Debug|x64
		{D3E8A13B-92EE-45A8-BB24-40EC3CC9DB34}.Debug|x86.ActiveCfg = Debug|x86
		{D3E8A13B-92EE-45A8-BB24-40EC3CC9DB34}.Debug|x86.Build.0 = Debug|x86
		{D3E8A13B-92EE-45A8-BB24-40EC3CC9DB34}.Release|Any CPU.ActiveCfg = Release|Any CPU
		{D3E8A13B-92EE-45A8-BB24-40EC3CC9DB34}.Release|Any CPU.Build.0 = Release|Any CPU
		{D3E8A13B-92EE-45A8-BB24-40EC3CC9DB34}.Release|x64.ActiveCfg = Release|x64
		{D3E8A13B-92EE-45A8-BB24-40EC3CC9DB34}.Release|x64.Build.0 = Release|x64
		{D3E8A13B-92EE-45A8-BB24-40EC3CC9DB34}.Release|x86.ActiveCfg = Release|x86
		{D3E8A13B-92EE-45A8-BB24-40EC3CC9DB34}.Release|x86.Build.0 = Release|x86
		{8FD97A6B-5C83-4985-9432-08347A2C2A47}.Debug|Any CPU.ActiveCfg = Debug|Any CPU
		{8FD97A6B-5C83-4985-9432-08347A2C2A47}.Debug|Any CPU.Build.0 = Debug|Any CPU
		{8FD97A6B-5C83-4985-9432-08347A2C2A47}.Debug|x64.ActiveCfg = Debug|x64
		{8FD97A6B-5C83-4985-9432-08347A2C2A47}.Debug|x64.Build.0 = Debug|x64
		{8FD97A6B-5C83-4985-9432-08347A2C2A47}.Debug|x86.ActiveCfg = Debug|x86
		{8FD97A6B-5C83-4985-9432-08347A2C2A47}.Debug|x86.Build.0 = Debug|x86
		{8FD97A6B-5C83-4985-9432-08347A2C2A47}.Release|Any CPU.ActiveCfg = Release|Any CPU
		{8FD97A6B-5C83-4985-9432-08347A2C2A47}.Release|Any CPU.Build.0 = Release|Any CPU
		{8FD97A6B-5C83-4985-9432-08347A2C2A47}.Release|x64.ActiveCfg = Release|x64
		{8FD97A6B-5C83-4985-9432-08347A2C2A47}.Release|x64.Build.0 = Release|x64
		{8FD97A6B-5C83-4985-9432-08347A2C2A47}.Release|x86.ActiveCfg = Release|x86
		{8FD97A6B-5C83-4985-9432-08347A2C2A47}.Release|x86.Build.0 = Release|x86
		{9EFCEFB5-253E-4DE2-8A70-821D7B8189DF}.Debug|Any CPU.ActiveCfg = Debug|Any CPU
		{9EFCEFB5-253E-4DE2-8A70-821D7B8189DF}.Debug|Any CPU.Build.0 = Debug|Any CPU
		{9EFCEFB5-253E-4DE2-8A70-821D7B8189DF}.Debug|x64.ActiveCfg = Debug|x64
		{9EFCEFB5-253E-4DE2-8A70-821D7B8189DF}.Debug|x64.Build.0 = Debug|x64
		{9EFCEFB5-253E-4DE2-8A70-821D7B8189DF}.Debug|x86.ActiveCfg = Debug|x86
		{9EFCEFB5-253E-4DE2-8A70-821D7B8189DF}.Debug|x86.Build.0 = Debug|x86
		{9EFCEFB5-253E-4DE2-8A70-821D7B8189DF}.Release|Any CPU.ActiveCfg = Release|Any CPU
		{9EFCEFB5-253E-4DE2-8A70-821D7B8189DF}.Release|Any CPU.Build.0 = Release|Any CPU
		{9EFCEFB5-253E-4DE2-8A70-821D7B8189DF}.Release|x64.ActiveCfg = Release|x64
		{9EFCEFB5-253E-4DE2-8A70-821D7B8189DF}.Release|x64.Build.0 = Release|x64
		{9EFCEFB5-253E-4DE2-8A70-821D7B8189DF}.Release|x86.ActiveCfg = Release|x86
		{9EFCEFB5-253E-4DE2-8A70-821D7B8189DF}.Release|x86.Build.0 = Release|x86
		{3A8080FB-9C93-45B9-8EB5-828DDC31FDF0}.Debug|Any CPU.ActiveCfg = Debug|Any CPU
		{3A8080FB-9C93-45B9-8EB5-828DDC31FDF0}.Debug|Any CPU.Build.0 = Debug|Any CPU
		{3A8080FB-9C93-45B9-8EB5-828DDC31FDF0}.Debug|x64.ActiveCfg = Debug|x64
		{3A8080FB-9C93-45B9-8EB5-828DDC31FDF0}.Debug|x64.Build.0 = Debug|x64
		{3A8080FB-9C93-45B9-8EB5-828DDC31FDF0}.Debug|x86.ActiveCfg = Debug|x86
		{3A8080FB-9C93-45B9-8EB5-828DDC31FDF0}.Debug|x86.Build.0 = Debug|x86
		{3A8080FB-9C93-45B9-8EB5-828DDC31FDF0}.Release|Any CPU.ActiveCfg = Release|Any CPU
		{3A8080FB-9C93-45B9-8EB5-828DDC31FDF0}.Release|Any CPU.Build.0 = Release|Any CPU
		{3A8080FB-9C93-45B9-8EB5-828DDC31FDF0}.Release|x64.ActiveCfg = Release|x64
		{3A8080FB-9C93-45B9-8EB5-828DDC31FDF0}.Release|x64.Build.0 = Release|x64
		{3A8080FB-9C93-45B9-8EB5-828DDC31FDF0}.Release|x86.ActiveCfg = Release|x86
		{3A8080FB-9C93-45B9-8EB5-828DDC31FDF0}.Release|x86.Build.0 = Release|x86
		{BFF7714C-E5A3-4EEB-B04B-5FA47F29AD03}.Debug|Any CPU.ActiveCfg = Debug|Any CPU
		{BFF7714C-E5A3-4EEB-B04B-5FA47F29AD03}.Debug|Any CPU.Build.0 = Debug|Any CPU
		{BFF7714C-E5A3-4EEB-B04B-5FA47F29AD03}.Debug|x64.ActiveCfg = Debug|x64
		{BFF7714C-E5A3-4EEB-B04B-5FA47F29AD03}.Debug|x64.Build.0 = Debug|x64
		{BFF7714C-E5A3-4EEB-B04B-5FA47F29AD03}.Debug|x86.ActiveCfg = Debug|x86
		{BFF7714C-E5A3-4EEB-B04B-5FA47F29AD03}.Debug|x86.Build.0 = Debug|x86
		{BFF7714C-E5A3-4EEB-B04B-5FA47F29AD03}.Release|Any CPU.ActiveCfg = Release|Any CPU
		{BFF7714C-E5A3-4EEB-B04B-5FA47F29AD03}.Release|Any CPU.Build.0 = Release|Any CPU
		{BFF7714C-E5A3-4EEB-B04B-5FA47F29AD03}.Release|x64.ActiveCfg = Release|x64
		{BFF7714C-E5A3-4EEB-B04B-5FA47F29AD03}.Release|x64.Build.0 = Release|x64
		{BFF7714C-E5A3-4EEB-B04B-5FA47F29AD03}.Release|x86.ActiveCfg = Release|x86
		{BFF7714C-E5A3-4EEB-B04B-5FA47F29AD03}.Release|x86.Build.0 = Release|x86
		{03026650-068C-47A2-8CDF-6637244D1D40}.Debug|Any CPU.ActiveCfg = Debug|Any CPU
		{03026650-068C-47A2-8CDF-6637244D1D40}.Debug|Any CPU.Build.0 = Debug|Any CPU
		{03026650-068C-47A2-8CDF-6637244D1D40}.Debug|x64.ActiveCfg = Debug|x64
		{03026650-068C-47A2-8CDF-6637244D1D40}.Debug|x64.Build.0 = Debug|x64
		{03026650-068C-47A2-8CDF-6637244D1D40}.Debug|x86.ActiveCfg = Debug|x86
		{03026650-068C-47A2-8CDF-6637244D1D40}.Debug|x86.Build.0 = Debug|x86
		{03026650-068C-47A2-8CDF-6637244D1D40}.Release|Any CPU.ActiveCfg = Release|Any CPU
		{03026650-068C-47A2-8CDF-6637244D1D40}.Release|Any CPU.Build.0 = Release|Any CPU
		{03026650-068C-47A2-8CDF-6637244D1D40}.Release|x64.ActiveCfg = Release|x64
		{03026650-068C-47A2-8CDF-6637244D1D40}.Release|x64.Build.0 = Release|x64
		{03026650-068C-47A2-8CDF-6637244D1D40}.Release|x86.ActiveCfg = Release|x86
		{03026650-068C-47A2-8CDF-6637244D1D40}.Release|x86.Build.0 = Release|x86
		{CF29ABF7-E912-4D6A-A827-D3C8B5F30F61}.Debug|Any CPU.ActiveCfg = Debug|Any CPU
		{CF29ABF7-E912-4D6A-A827-D3C8B5F30F61}.Debug|Any CPU.Build.0 = Debug|Any CPU
		{CF29ABF7-E912-4D6A-A827-D3C8B5F30F61}.Debug|x64.ActiveCfg = Debug|x64
		{CF29ABF7-E912-4D6A-A827-D3C8B5F30F61}.Debug|x64.Build.0 = Debug|x64
		{CF29ABF7-E912-4D6A-A827-D3C8B5F30F61}.Debug|x86.ActiveCfg = Debug|x86
		{CF29ABF7-E912-4D6A-A827-D3C8B5F30F61}.Debug|x86.Build.0 = Debug|x86
		{CF29ABF7-E912-4D6A-A827-D3C8B5F30F61}.Release|Any CPU.ActiveCfg = Release|Any CPU
		{CF29ABF7-E912-4D6A-A827-D3C8B5F30F61}.Release|Any CPU.Build.0 = Release|Any CPU
		{CF29ABF7-E912-4D6A-A827-D3C8B5F30F61}.Release|x64.ActiveCfg = Release|x64
		{CF29ABF7-E912-4D6A-A827-D3C8B5F30F61}.Release|x64.Build.0 = Release|x64
		{CF29ABF7-E912-4D6A-A827-D3C8B5F30F61}.Release|x86.ActiveCfg = Release|x86
		{CF29ABF7-E912-4D6A-A827-D3C8B5F30F61}.Release|x86.Build.0 = Release|x86
		{5B2948D9-BB77-4E86-A498-07E088F4198A}.Debug|Any CPU.ActiveCfg = Debug|Any CPU
		{5B2948D9-BB77-4E86-A498-07E088F4198A}.Debug|Any CPU.Build.0 = Debug|Any CPU
		{5B2948D9-BB77-4E86-A498-07E088F4198A}.Debug|x64.ActiveCfg = Debug|x64
		{5B2948D9-BB77-4E86-A498-07E088F4198A}.Debug|x64.Build.0 = Debug|x64
		{5B2948D9-BB77-4E86-A498-07E088F4198A}.Debug|x86.ActiveCfg = Debug|x86
		{5B2948D9-BB77-4E86-A498-07E088F4198A}.Debug|x86.Build.0 = Debug|x86
		{5B2948D9-BB77-4E86-A498-07E088F4198A}.Release|Any CPU.ActiveCfg = Release|Any CPU
		{5B2948D9-BB77-4E86-A498-07E088F4198A}.Release|Any CPU.Build.0 = Release|Any CPU
		{5B2948D9-BB77-4E86-A498-07E088F4198A}.Release|x64.ActiveCfg = Release|x64
		{5B2948D9-BB77-4E86-A498-07E088F4198A}.Release|x64.Build.0 = Release|x64
		{5B2948D9-BB77-4E86-A498-07E088F4198A}.Release|x86.ActiveCfg = Release|x86
		{5B2948D9-BB77-4E86-A498-07E088F4198A}.Release|x86.Build.0 = Release|x86
		{DB8FA538-B1EC-4AC1-B064-148C492AC45A}.Debug|Any CPU.ActiveCfg = Debug|Any CPU
		{DB8FA538-B1EC-4AC1-B064-148C492AC45A}.Debug|Any CPU.Build.0 = Debug|Any CPU
		{DB8FA538-B1EC-4AC1-B064-148C492AC45A}.Debug|x64.ActiveCfg = Debug|x64
		{DB8FA538-B1EC-4AC1-B064-148C492AC45A}.Debug|x64.Build.0 = Debug|x64
		{DB8FA538-B1EC-4AC1-B064-148C492AC45A}.Debug|x86.ActiveCfg = Debug|x86
		{DB8FA538-B1EC-4AC1-B064-148C492AC45A}.Debug|x86.Build.0 = Debug|x86
		{DB8FA538-B1EC-4AC1-B064-148C492AC45A}.Release|Any CPU.ActiveCfg = Release|Any CPU
		{DB8FA538-B1EC-4AC1-B064-148C492AC45A}.Release|Any CPU.Build.0 = Release|Any CPU
		{DB8FA538-B1EC-4AC1-B064-148C492AC45A}.Release|x64.ActiveCfg = Release|x64
		{DB8FA538-B1EC-4AC1-B064-148C492AC45A}.Release|x64.Build.0 = Release|x64
		{DB8FA538-B1EC-4AC1-B064-148C492AC45A}.Release|x86.ActiveCfg = Release|x86
		{DB8FA538-B1EC-4AC1-B064-148C492AC45A}.Release|x86.Build.0 = Release|x86
		{8BA77782-9AAF-4114-A1D5-7CB23C283D6B}.Debug|Any CPU.ActiveCfg = Debug|Any CPU
		{8BA77782-9AAF-4114-A1D5-7CB23C283D6B}.Debug|Any CPU.Build.0 = Debug|Any CPU
		{8BA77782-9AAF-4114-A1D5-7CB23C283D6B}.Debug|x64.ActiveCfg = Debug|x64
		{8BA77782-9AAF-4114-A1D5-7CB23C283D6B}.Debug|x64.Build.0 = Debug|x64
		{8BA77782-9AAF-4114-A1D5-7CB23C283D6B}.Debug|x86.ActiveCfg = Debug|x86
		{8BA77782-9AAF-4114-A1D5-7CB23C283D6B}.Debug|x86.Build.0 = Debug|x86
		{8BA77782-9AAF-4114-A1D5-7CB23C283D6B}.Release|Any CPU.ActiveCfg = Release|Any CPU
		{8BA77782-9AAF-4114-A1D5-7CB23C283D6B}.Release|Any CPU.Build.0 = Release|Any CPU
		{8BA77782-9AAF-4114-A1D5-7CB23C283D6B}.Release|x64.ActiveCfg = Release|x64
		{8BA77782-9AAF-4114-A1D5-7CB23C283D6B}.Release|x64.Build.0 = Release|x64
		{8BA77782-9AAF-4114-A1D5-7CB23C283D6B}.Release|x86.ActiveCfg = Release|x86
		{8BA77782-9AAF-4114-A1D5-7CB23C283D6B}.Release|x86.Build.0 = Release|x86
		{C3D28E4C-8F4A-4DDB-8E7E-225BDEC6EAAC}.Debug|Any CPU.ActiveCfg = Debug|Any CPU
		{C3D28E4C-8F4A-4DDB-8E7E-225BDEC6EAAC}.Debug|Any CPU.Build.0 = Debug|Any CPU
		{C3D28E4C-8F4A-4DDB-8E7E-225BDEC6EAAC}.Debug|x64.ActiveCfg = Debug|x64
		{C3D28E4C-8F4A-4DDB-8E7E-225BDEC6EAAC}.Debug|x64.Build.0 = Debug|x64
		{C3D28E4C-8F4A-4DDB-8E7E-225BDEC6EAAC}.Debug|x86.ActiveCfg = Debug|x86
		{C3D28E4C-8F4A-4DDB-8E7E-225BDEC6EAAC}.Debug|x86.Build.0 = Debug|x86
		{C3D28E4C-8F4A-4DDB-8E7E-225BDEC6EAAC}.Release|Any CPU.ActiveCfg = Release|Any CPU
		{C3D28E4C-8F4A-4DDB-8E7E-225BDEC6EAAC}.Release|Any CPU.Build.0 = Release|Any CPU
		{C3D28E4C-8F4A-4DDB-8E7E-225BDEC6EAAC}.Release|x64.ActiveCfg = Release|x64
		{C3D28E4C-8F4A-4DDB-8E7E-225BDEC6EAAC}.Release|x64.Build.0 = Release|x64
		{C3D28E4C-8F4A-4DDB-8E7E-225BDEC6EAAC}.Release|x86.ActiveCfg = Release|x86
		{C3D28E4C-8F4A-4DDB-8E7E-225BDEC6EAAC}.Release|x86.Build.0 = Release|x86
		{B2C2FFD5-3C7D-42A3-B9B6-DEF63DE969AD}.Debug|Any CPU.ActiveCfg = Debug|Any CPU
		{B2C2FFD5-3C7D-42A3-B9B6-DEF63DE969AD}.Debug|Any CPU.Build.0 = Debug|Any CPU
		{B2C2FFD5-3C7D-42A3-B9B6-DEF63DE969AD}.Debug|x64.ActiveCfg = Debug|x64
		{B2C2FFD5-3C7D-42A3-B9B6-DEF63DE969AD}.Debug|x64.Build.0 = Debug|x64
		{B2C2FFD5-3C7D-42A3-B9B6-DEF63DE969AD}.Debug|x86.ActiveCfg = Debug|x86
		{B2C2FFD5-3C7D-42A3-B9B6-DEF63DE969AD}.Debug|x86.Build.0 = Debug|x86
		{B2C2FFD5-3C7D-42A3-B9B6-DEF63DE969AD}.Release|Any CPU.ActiveCfg = Release|Any CPU
		{B2C2FFD5-3C7D-42A3-B9B6-DEF63DE969AD}.Release|Any CPU.Build.0 = Release|Any CPU
		{B2C2FFD5-3C7D-42A3-B9B6-DEF63DE969AD}.Release|x64.ActiveCfg = Release|x64
		{B2C2FFD5-3C7D-42A3-B9B6-DEF63DE969AD}.Release|x64.Build.0 = Release|x64
		{B2C2FFD5-3C7D-42A3-B9B6-DEF63DE969AD}.Release|x86.ActiveCfg = Release|x86
		{B2C2FFD5-3C7D-42A3-B9B6-DEF63DE969AD}.Release|x86.Build.0 = Release|x86
		{0DD55440-38DC-4580-879C-70B043F77B1C}.Debug|Any CPU.ActiveCfg = Debug|Any CPU
		{0DD55440-38DC-4580-879C-70B043F77B1C}.Debug|Any CPU.Build.0 = Debug|Any CPU
		{0DD55440-38DC-4580-879C-70B043F77B1C}.Debug|x64.ActiveCfg = Debug|x64
		{0DD55440-38DC-4580-879C-70B043F77B1C}.Debug|x64.Build.0 = Debug|x64
		{0DD55440-38DC-4580-879C-70B043F77B1C}.Debug|x86.ActiveCfg = Debug|x86
		{0DD55440-38DC-4580-879C-70B043F77B1C}.Debug|x86.Build.0 = Debug|x86
		{0DD55440-38DC-4580-879C-70B043F77B1C}.Release|Any CPU.ActiveCfg = Release|Any CPU
		{0DD55440-38DC-4580-879C-70B043F77B1C}.Release|Any CPU.Build.0 = Release|Any CPU
		{0DD55440-38DC-4580-879C-70B043F77B1C}.Release|x64.ActiveCfg = Release|x64
		{0DD55440-38DC-4580-879C-70B043F77B1C}.Release|x64.Build.0 = Release|x64
		{0DD55440-38DC-4580-879C-70B043F77B1C}.Release|x86.ActiveCfg = Release|x86
		{0DD55440-38DC-4580-879C-70B043F77B1C}.Release|x86.Build.0 = Release|x86
		{4514113D-07C0-4062-A673-04F188A79B7D}.Debug|Any CPU.ActiveCfg = Debug|Any CPU
		{4514113D-07C0-4062-A673-04F188A79B7D}.Debug|Any CPU.Build.0 = Debug|Any CPU
		{4514113D-07C0-4062-A673-04F188A79B7D}.Debug|x64.ActiveCfg = Debug|x64
		{4514113D-07C0-4062-A673-04F188A79B7D}.Debug|x64.Build.0 = Debug|x64
		{4514113D-07C0-4062-A673-04F188A79B7D}.Debug|x86.ActiveCfg = Debug|x86
		{4514113D-07C0-4062-A673-04F188A79B7D}.Debug|x86.Build.0 = Debug|x86
		{4514113D-07C0-4062-A673-04F188A79B7D}.Release|Any CPU.ActiveCfg = Release|Any CPU
		{4514113D-07C0-4062-A673-04F188A79B7D}.Release|Any CPU.Build.0 = Release|Any CPU
		{4514113D-07C0-4062-A673-04F188A79B7D}.Release|x64.ActiveCfg = Release|x64
		{4514113D-07C0-4062-A673-04F188A79B7D}.Release|x64.Build.0 = Release|x64
		{4514113D-07C0-4062-A673-04F188A79B7D}.Release|x86.ActiveCfg = Release|x86
		{4514113D-07C0-4062-A673-04F188A79B7D}.Release|x86.Build.0 = Release|x86
		{D496D1A0-BC41-48C2-808B-34D8935BE96D}.Debug|Any CPU.ActiveCfg = Debug|Any CPU
		{D496D1A0-BC41-48C2-808B-34D8935BE96D}.Debug|Any CPU.Build.0 = Debug|Any CPU
		{D496D1A0-BC41-48C2-808B-34D8935BE96D}.Debug|x64.ActiveCfg = Debug|x64
		{D496D1A0-BC41-48C2-808B-34D8935BE96D}.Debug|x64.Build.0 = Debug|x64
		{D496D1A0-BC41-48C2-808B-34D8935BE96D}.Debug|x86.ActiveCfg = Debug|x86
		{D496D1A0-BC41-48C2-808B-34D8935BE96D}.Debug|x86.Build.0 = Debug|x86
		{D496D1A0-BC41-48C2-808B-34D8935BE96D}.Release|Any CPU.ActiveCfg = Release|Any CPU
		{D496D1A0-BC41-48C2-808B-34D8935BE96D}.Release|Any CPU.Build.0 = Release|Any CPU
		{D496D1A0-BC41-48C2-808B-34D8935BE96D}.Release|x64.ActiveCfg = Release|x64
		{D496D1A0-BC41-48C2-808B-34D8935BE96D}.Release|x64.Build.0 = Release|x64
		{D496D1A0-BC41-48C2-808B-34D8935BE96D}.Release|x86.ActiveCfg = Release|x86
		{D496D1A0-BC41-48C2-808B-34D8935BE96D}.Release|x86.Build.0 = Release|x86
		{DD9382B5-5EC4-4B3D-BEB7-95423731AE29}.Debug|Any CPU.ActiveCfg = Debug|Any CPU
		{DD9382B5-5EC4-4B3D-BEB7-95423731AE29}.Debug|Any CPU.Build.0 = Debug|Any CPU
		{DD9382B5-5EC4-4B3D-BEB7-95423731AE29}.Debug|x64.ActiveCfg = Debug|x64
		{DD9382B5-5EC4-4B3D-BEB7-95423731AE29}.Debug|x64.Build.0 = Debug|x64
		{DD9382B5-5EC4-4B3D-BEB7-95423731AE29}.Debug|x86.ActiveCfg = Debug|x86
		{DD9382B5-5EC4-4B3D-BEB7-95423731AE29}.Debug|x86.Build.0 = Debug|x86
		{DD9382B5-5EC4-4B3D-BEB7-95423731AE29}.Release|Any CPU.ActiveCfg = Release|Any CPU
		{DD9382B5-5EC4-4B3D-BEB7-95423731AE29}.Release|Any CPU.Build.0 = Release|Any CPU
		{DD9382B5-5EC4-4B3D-BEB7-95423731AE29}.Release|x64.ActiveCfg = Release|x64
		{DD9382B5-5EC4-4B3D-BEB7-95423731AE29}.Release|x64.Build.0 = Release|x64
		{DD9382B5-5EC4-4B3D-BEB7-95423731AE29}.Release|x86.ActiveCfg = Release|x86
		{DD9382B5-5EC4-4B3D-BEB7-95423731AE29}.Release|x86.Build.0 = Release|x86
		{156F8811-28BB-4EC7-87D9-434F10FB7DBE}.Debug|Any CPU.ActiveCfg = Debug|Any CPU
		{156F8811-28BB-4EC7-87D9-434F10FB7DBE}.Debug|Any CPU.Build.0 = Debug|Any CPU
		{156F8811-28BB-4EC7-87D9-434F10FB7DBE}.Debug|x64.ActiveCfg = Debug|x64
		{156F8811-28BB-4EC7-87D9-434F10FB7DBE}.Debug|x64.Build.0 = Debug|x64
		{156F8811-28BB-4EC7-87D9-434F10FB7DBE}.Debug|x86.ActiveCfg = Debug|x86
		{156F8811-28BB-4EC7-87D9-434F10FB7DBE}.Debug|x86.Build.0 = Debug|x86
		{156F8811-28BB-4EC7-87D9-434F10FB7DBE}.Release|Any CPU.ActiveCfg = Release|Any CPU
		{156F8811-28BB-4EC7-87D9-434F10FB7DBE}.Release|Any CPU.Build.0 = Release|Any CPU
		{156F8811-28BB-4EC7-87D9-434F10FB7DBE}.Release|x64.ActiveCfg = Release|x64
		{156F8811-28BB-4EC7-87D9-434F10FB7DBE}.Release|x64.Build.0 = Release|x64
		{156F8811-28BB-4EC7-87D9-434F10FB7DBE}.Release|x86.ActiveCfg = Release|x86
		{156F8811-28BB-4EC7-87D9-434F10FB7DBE}.Release|x86.Build.0 = Release|x86
		{A5B167ED-873A-4762-9326-5F43B8D3AFF6}.Debug|Any CPU.ActiveCfg = Debug|Any CPU
		{A5B167ED-873A-4762-9326-5F43B8D3AFF6}.Debug|Any CPU.Build.0 = Debug|Any CPU
		{A5B167ED-873A-4762-9326-5F43B8D3AFF6}.Debug|x64.ActiveCfg = Debug|x64
		{A5B167ED-873A-4762-9326-5F43B8D3AFF6}.Debug|x64.Build.0 = Debug|x64
		{A5B167ED-873A-4762-9326-5F43B8D3AFF6}.Debug|x86.ActiveCfg = Debug|x86
		{A5B167ED-873A-4762-9326-5F43B8D3AFF6}.Debug|x86.Build.0 = Debug|x86
		{A5B167ED-873A-4762-9326-5F43B8D3AFF6}.Release|Any CPU.ActiveCfg = Release|Any CPU
		{A5B167ED-873A-4762-9326-5F43B8D3AFF6}.Release|Any CPU.Build.0 = Release|Any CPU
		{A5B167ED-873A-4762-9326-5F43B8D3AFF6}.Release|x64.ActiveCfg = Release|x64
		{A5B167ED-873A-4762-9326-5F43B8D3AFF6}.Release|x64.Build.0 = Release|x64
		{A5B167ED-873A-4762-9326-5F43B8D3AFF6}.Release|x86.ActiveCfg = Release|x86
		{A5B167ED-873A-4762-9326-5F43B8D3AFF6}.Release|x86.Build.0 = Release|x86
		{107F28E1-6E91-4A06-8943-E5E5A7E4CA66}.Debug|Any CPU.ActiveCfg = Debug|Any CPU
		{107F28E1-6E91-4A06-8943-E5E5A7E4CA66}.Debug|Any CPU.Build.0 = Debug|Any CPU
		{107F28E1-6E91-4A06-8943-E5E5A7E4CA66}.Debug|x64.ActiveCfg = Debug|x64
		{107F28E1-6E91-4A06-8943-E5E5A7E4CA66}.Debug|x64.Build.0 = Debug|x64
		{107F28E1-6E91-4A06-8943-E5E5A7E4CA66}.Debug|x86.ActiveCfg = Debug|x86
		{107F28E1-6E91-4A06-8943-E5E5A7E4CA66}.Debug|x86.Build.0 = Debug|x86
		{107F28E1-6E91-4A06-8943-E5E5A7E4CA66}.Release|Any CPU.ActiveCfg = Release|Any CPU
		{107F28E1-6E91-4A06-8943-E5E5A7E4CA66}.Release|Any CPU.Build.0 = Release|Any CPU
		{107F28E1-6E91-4A06-8943-E5E5A7E4CA66}.Release|x64.ActiveCfg = Release|x64
		{107F28E1-6E91-4A06-8943-E5E5A7E4CA66}.Release|x64.Build.0 = Release|x64
		{107F28E1-6E91-4A06-8943-E5E5A7E4CA66}.Release|x86.ActiveCfg = Release|x86
		{107F28E1-6E91-4A06-8943-E5E5A7E4CA66}.Release|x86.Build.0 = Release|x86
	EndGlobalSection
	GlobalSection(SolutionProperties) = preSolution
		HideSolutionNode = FALSE
	EndGlobalSection
	GlobalSection(NestedProjects) = preSolution
		{50C00046-0DA3-4B5C-9F6F-7BE1145E156A} = {ED0C35EB-7F31-4841-A24F-8EB708FFA959}
		{01409D95-A5F1-4EBE-94B1-909D5D2D0DC3} = {B27FAFDF-2DBA-4AB0-BA85-FD5F21D359D6}
		{2C7CE1F8-E73E-4987-8023-B5A0EBAC86E8} = {ED0C35EB-7F31-4841-A24F-8EB708FFA959}
		{2820F090-3F3D-4DA2-8CBA-B8273D695333} = {ED0C35EB-7F31-4841-A24F-8EB708FFA959}
		{6F5EC38C-4A11-40D3-827C-F607B90BEFF0} = {ED0C35EB-7F31-4841-A24F-8EB708FFA959}
		{5E7F18A8-F843-4C8A-AB02-4C7D9205C6CF} = {ED0C35EB-7F31-4841-A24F-8EB708FFA959}
		{E19B5128-3469-492E-82E1-725631C4A68C} = {ED0C35EB-7F31-4841-A24F-8EB708FFA959}
		{68ADC720-316E-4895-9F8E-C3CCADD262BE} = {ED0C35EB-7F31-4841-A24F-8EB708FFA959}
		{1621415E-7723-4F46-A589-4C4620C0751A} = {ED0C35EB-7F31-4841-A24F-8EB708FFA959}
		{987898D9-724E-4324-BF91-77B1A6DBE8F1} = {ED0C35EB-7F31-4841-A24F-8EB708FFA959}
		{FD63F778-3938-45D2-900B-51EC770F70E5} = {ED0C35EB-7F31-4841-A24F-8EB708FFA959}
		{61F7F446-9EF3-4768-B33A-4D75F60E1059} = {ED0C35EB-7F31-4841-A24F-8EB708FFA959}
		{D5296435-3A3F-4B1A-81D1-434EC9E97DEF} = {5E7F18A8-F843-4C8A-AB02-4C7D9205C6CF}
		{790B8030-00C2-4121-B125-EDC4CE329BA3} = {ED0C35EB-7F31-4841-A24F-8EB708FFA959}
		{27DFBD04-64B2-4F1B-82B2-006620CCA6F8} = {ED0C35EB-7F31-4841-A24F-8EB708FFA959}
		{71CB42FF-E750-4A3B-9C3A-AC938853CC89} = {ED0C35EB-7F31-4841-A24F-8EB708FFA959}
		{10B6ADE1-F808-4612-801D-4452F5B52242} = {ED0C35EB-7F31-4841-A24F-8EB708FFA959}
		{D5C17A3B-A6E6-4FB4-B089-827EECD5EDCB} = {ED0C35EB-7F31-4841-A24F-8EB708FFA959}
		{46250E12-4CF1-4051-B4A7-80C8C06E0068} = {B27FAFDF-2DBA-4AB0-BA85-FD5F21D359D6}
		{020E15EA-731F-4667-95AF-226671E0C3AE} = {B27FAFDF-2DBA-4AB0-BA85-FD5F21D359D6}
		{595BE9C1-E10F-4E50-938A-E6C248D3F950} = {B27FAFDF-2DBA-4AB0-BA85-FD5F21D359D6}
		{DD34CC1B-7286-495F-B1B4-93B1C4EB60A3} = {B27FAFDF-2DBA-4AB0-BA85-FD5F21D359D6}
		{F1001A64-974E-461E-B972-1A1330635677} = {B27FAFDF-2DBA-4AB0-BA85-FD5F21D359D6}
		{0D59BA81-6279-4650-AEBB-4EA735C28A1A} = {B27FAFDF-2DBA-4AB0-BA85-FD5F21D359D6}
		{DE730F17-7D5C-4D9D-B479-025024BF4F1D} = {B27FAFDF-2DBA-4AB0-BA85-FD5F21D359D6}
		{E062FFD6-DEB1-4DB4-8B6E-ADBF04129545} = {B27FAFDF-2DBA-4AB0-BA85-FD5F21D359D6}
		{F582949D-8B92-47BD-9DD7-9F2BFCCC290C} = {B27FAFDF-2DBA-4AB0-BA85-FD5F21D359D6}
		{376A7588-50DF-46CD-955B-0309F491D830} = {B27FAFDF-2DBA-4AB0-BA85-FD5F21D359D6}
		{5DF3CF65-3E11-4639-964D-7BEB4109DCF9} = {B27FAFDF-2DBA-4AB0-BA85-FD5F21D359D6}
		{D3E8A13B-92EE-45A8-BB24-40EC3CC9DB34} = {B27FAFDF-2DBA-4AB0-BA85-FD5F21D359D6}
		{8FD97A6B-5C83-4985-9432-08347A2C2A47} = {B27FAFDF-2DBA-4AB0-BA85-FD5F21D359D6}
		{9EFCEFB5-253E-4DE2-8A70-821D7B8189DF} = {B27FAFDF-2DBA-4AB0-BA85-FD5F21D359D6}
		{3A8080FB-9C93-45B9-8EB5-828DDC31FDF0} = {B27FAFDF-2DBA-4AB0-BA85-FD5F21D359D6}
		{BFF7714C-E5A3-4EEB-B04B-5FA47F29AD03} = {020E15EA-731F-4667-95AF-226671E0C3AE}
		{03026650-068C-47A2-8CDF-6637244D1D40} = {DD34CC1B-7286-495F-B1B4-93B1C4EB60A3}
		{CF29ABF7-E912-4D6A-A827-D3C8B5F30F61} = {DD34CC1B-7286-495F-B1B4-93B1C4EB60A3}
		{5B2948D9-BB77-4E86-A498-07E088F4198A} = {DD34CC1B-7286-495F-B1B4-93B1C4EB60A3}
		{DB8FA538-B1EC-4AC1-B064-148C492AC45A} = {DD34CC1B-7286-495F-B1B4-93B1C4EB60A3}
		{8BA77782-9AAF-4114-A1D5-7CB23C283D6B} = {DD34CC1B-7286-495F-B1B4-93B1C4EB60A3}
		{C3D28E4C-8F4A-4DDB-8E7E-225BDEC6EAAC} = {DD34CC1B-7286-495F-B1B4-93B1C4EB60A3}
		{B2C2FFD5-3C7D-42A3-B9B6-DEF63DE969AD} = {B9AB7A3D-4F63-48D2-86C0-70F52F6509AB}
		{0DD55440-38DC-4580-879C-70B043F77B1C} = {B9AB7A3D-4F63-48D2-86C0-70F52F6509AB}
		{4514113D-07C0-4062-A673-04F188A79B7D} = {B9AB7A3D-4F63-48D2-86C0-70F52F6509AB}
		{D496D1A0-BC41-48C2-808B-34D8935BE96D} = {ED0C35EB-7F31-4841-A24F-8EB708FFA959}
		{DD9382B5-5EC4-4B3D-BEB7-95423731AE29} = {46250E12-4CF1-4051-B4A7-80C8C06E0068}
		{156F8811-28BB-4EC7-87D9-434F10FB7DBE} = {46250E12-4CF1-4051-B4A7-80C8C06E0068}
		{A5B167ED-873A-4762-9326-5F43B8D3AFF6} = {595BE9C1-E10F-4E50-938A-E6C248D3F950}
		{107F28E1-6E91-4A06-8943-E5E5A7E4CA66} = {B27FAFDF-2DBA-4AB0-BA85-FD5F21D359D6}
	EndGlobalSection
EndGlobal
