
Microsoft Visual Studio Solution File, Format Version 12.00
# Visual Studio 15
VisualStudioVersion = 15.0.26730.16
MinimumVisualStudioVersion = 10.0.40219.1
Project("{2150E333-8FDC-42A3-9474-1A3956D46DE8}") = "src", "src", "{ED0C35EB-7F31-4841-A24F-8EB708FFA959}"
EndProject
Project("{9A19103F-16F7-4668-BE54-9A1E7A4F7556}") = "Microsoft.TestPlatform.CoreUtilities", "src\Microsoft.TestPlatform.CoreUtilities\Microsoft.TestPlatform.CoreUtilities.csproj", "{50C00046-0DA3-4B5C-9F6F-7BE1145E156A}"
EndProject
Project("{9A19103F-16F7-4668-BE54-9A1E7A4F7556}") = "Microsoft.TestPlatform.Build", "src\Microsoft.TestPlatform.Build\Microsoft.TestPlatform.Build.csproj", "{6F5EC38C-4A11-40D3-827C-F607B90BEFF0}"
EndProject
Project("{9A19103F-16F7-4668-BE54-9A1E7A4F7556}") = "Microsoft.TestPlatform.Common", "src\Microsoft.TestPlatform.Common\Microsoft.TestPlatform.Common.csproj", "{68ADC720-316E-4895-9F8E-C3CCADD262BE}"
EndProject
Project("{9A19103F-16F7-4668-BE54-9A1E7A4F7556}") = "Microsoft.TestPlatform.CommunicationUtilities", "src\Microsoft.TestPlatform.CommunicationUtilities\Microsoft.TestPlatform.CommunicationUtilities.csproj", "{1621415E-7723-4F46-A589-4C4620C0751A}"
EndProject
Project("{9A19103F-16F7-4668-BE54-9A1E7A4F7556}") = "Microsoft.TestPlatform.CrossPlatEngine", "src\Microsoft.TestPlatform.CrossPlatEngine\Microsoft.TestPlatform.CrossPlatEngine.csproj", "{987898D9-724E-4324-BF91-77B1A6DBE8F1}"
EndProject
Project("{9A19103F-16F7-4668-BE54-9A1E7A4F7556}") = "Microsoft.TestPlatform.ObjectModel", "src\Microsoft.TestPlatform.ObjectModel\Microsoft.TestPlatform.ObjectModel.csproj", "{FD63F778-3938-45D2-900B-51EC770F70E5}"
EndProject
Project("{9A19103F-16F7-4668-BE54-9A1E7A4F7556}") = "Microsoft.TestPlatform.Utilities", "src\Microsoft.TestPlatform.Utilities\Microsoft.TestPlatform.Utilities.csproj", "{61F7F446-9EF3-4768-B33A-4D75F60E1059}"
EndProject
Project("{9A19103F-16F7-4668-BE54-9A1E7A4F7556}") = "Microsoft.TestPlatform.Extensions.TrxLogger", "src\Microsoft.TestPlatform.Extensions.TrxLogger\Microsoft.TestPlatform.Extensions.TrxLogger.csproj", "{D5296435-3A3F-4B1A-81D1-434EC9E97DEF}"
EndProject
Project("{9A19103F-16F7-4668-BE54-9A1E7A4F7556}") = "Microsoft.TestPlatform.VsTestConsole.TranslationLayer", "src\Microsoft.TestPlatform.VsTestConsole.TranslationLayer\Microsoft.TestPlatform.VsTestConsole.TranslationLayer.csproj", "{790B8030-00C2-4121-B125-EDC4CE329BA3}"
EndProject
Project("{9A19103F-16F7-4668-BE54-9A1E7A4F7556}") = "testhost", "src\testhost\testhost.csproj", "{27DFBD04-64B2-4F1B-82B2-006620CCA6F8}"
EndProject
Project("{9A19103F-16F7-4668-BE54-9A1E7A4F7556}") = "testhost.x86", "src\testhost.x86\testhost.x86.csproj", "{71CB42FF-E750-4A3B-9C3A-AC938853CC89}"
EndProject
Project("{9A19103F-16F7-4668-BE54-9A1E7A4F7556}") = "vstest.console", "src\vstest.console\vstest.console.csproj", "{10B6ADE1-F808-4612-801D-4452F5B52242}"
EndProject
Project("{2150E333-8FDC-42A3-9474-1A3956D46DE8}") = "Package", "Package", "{D27E1CB4-C641-4C6C-A140-EF5F6215AE29}"
EndProject
Project("{9A19103F-16F7-4668-BE54-9A1E7A4F7556}") = "Microsoft.TestPlatform.PlatformAbstractions", "src\Microsoft.TestPlatform.PlatformAbstractions\Microsoft.TestPlatform.PlatformAbstractions.csproj", "{CAE652AF-6801-425E-AAF3-AB20DE7DF88E}"
EndProject
Project("{9A19103F-16F7-4668-BE54-9A1E7A4F7556}") = "package", "src\package\package\package.csproj", "{E141A226-CC0A-4F26-BD17-4AE427D81C3B}"
EndProject
Project("{9A19103F-16F7-4668-BE54-9A1E7A4F7556}") = "Microsoft.TestPlatform.TestHostProvider", "src\Microsoft.TestPlatform.TestHostProvider\Microsoft.TestPlatform.TestHostProvider.csproj", "{11ECCB8B-6958-42A7-BD58-88C09CB149B2}"
EndProject
Project("{9A19103F-16F7-4668-BE54-9A1E7A4F7556}") = "Microsoft.TestPlatform.Extensions.BlameDataCollector", "src\Microsoft.TestPlatform.Extensions.BlameDataCollector\Microsoft.TestPlatform.Extensions.BlameDataCollector.csproj", "{76D4BB7E-D981-42D5-BE96-6FAD8DEF9A4A}"
EndProject
Global
	GlobalSection(SolutionConfigurationPlatforms) = preSolution
		Debug|Any CPU = Debug|Any CPU
		Debug|x64 = Debug|x64
		Debug|x86 = Debug|x86
		Release|Any CPU = Release|Any CPU
		Release|x64 = Release|x64
		Release|x86 = Release|x86
	EndGlobalSection
	GlobalSection(ProjectConfigurationPlatforms) = postSolution
		{50C00046-0DA3-4B5C-9F6F-7BE1145E156A}.Debug|Any CPU.ActiveCfg = Debug|Any CPU
		{50C00046-0DA3-4B5C-9F6F-7BE1145E156A}.Debug|Any CPU.Build.0 = Debug|Any CPU
		{50C00046-0DA3-4B5C-9F6F-7BE1145E156A}.Debug|x64.ActiveCfg = Debug|Any CPU
		{50C00046-0DA3-4B5C-9F6F-7BE1145E156A}.Debug|x64.Build.0 = Debug|Any CPU
		{50C00046-0DA3-4B5C-9F6F-7BE1145E156A}.Debug|x86.ActiveCfg = Debug|Any CPU
		{50C00046-0DA3-4B5C-9F6F-7BE1145E156A}.Debug|x86.Build.0 = Debug|Any CPU
		{50C00046-0DA3-4B5C-9F6F-7BE1145E156A}.Release|Any CPU.ActiveCfg = Release|Any CPU
		{50C00046-0DA3-4B5C-9F6F-7BE1145E156A}.Release|Any CPU.Build.0 = Release|Any CPU
		{50C00046-0DA3-4B5C-9F6F-7BE1145E156A}.Release|x64.ActiveCfg = Release|Any CPU
		{50C00046-0DA3-4B5C-9F6F-7BE1145E156A}.Release|x64.Build.0 = Release|Any CPU
		{50C00046-0DA3-4B5C-9F6F-7BE1145E156A}.Release|x86.ActiveCfg = Release|Any CPU
		{50C00046-0DA3-4B5C-9F6F-7BE1145E156A}.Release|x86.Build.0 = Release|Any CPU
		{6F5EC38C-4A11-40D3-827C-F607B90BEFF0}.Debug|Any CPU.ActiveCfg = Debug|Any CPU
		{6F5EC38C-4A11-40D3-827C-F607B90BEFF0}.Debug|Any CPU.Build.0 = Debug|Any CPU
		{6F5EC38C-4A11-40D3-827C-F607B90BEFF0}.Debug|x64.ActiveCfg = Debug|Any CPU
		{6F5EC38C-4A11-40D3-827C-F607B90BEFF0}.Debug|x64.Build.0 = Debug|Any CPU
		{6F5EC38C-4A11-40D3-827C-F607B90BEFF0}.Debug|x86.ActiveCfg = Debug|Any CPU
		{6F5EC38C-4A11-40D3-827C-F607B90BEFF0}.Debug|x86.Build.0 = Debug|Any CPU
		{6F5EC38C-4A11-40D3-827C-F607B90BEFF0}.Release|Any CPU.ActiveCfg = Release|Any CPU
		{6F5EC38C-4A11-40D3-827C-F607B90BEFF0}.Release|Any CPU.Build.0 = Release|Any CPU
		{6F5EC38C-4A11-40D3-827C-F607B90BEFF0}.Release|x64.ActiveCfg = Release|Any CPU
		{6F5EC38C-4A11-40D3-827C-F607B90BEFF0}.Release|x64.Build.0 = Release|Any CPU
		{6F5EC38C-4A11-40D3-827C-F607B90BEFF0}.Release|x86.ActiveCfg = Release|Any CPU
		{6F5EC38C-4A11-40D3-827C-F607B90BEFF0}.Release|x86.Build.0 = Release|Any CPU
		{68ADC720-316E-4895-9F8E-C3CCADD262BE}.Debug|Any CPU.ActiveCfg = Debug|Any CPU
		{68ADC720-316E-4895-9F8E-C3CCADD262BE}.Debug|Any CPU.Build.0 = Debug|Any CPU
		{68ADC720-316E-4895-9F8E-C3CCADD262BE}.Debug|x64.ActiveCfg = Debug|Any CPU
		{68ADC720-316E-4895-9F8E-C3CCADD262BE}.Debug|x64.Build.0 = Debug|Any CPU
		{68ADC720-316E-4895-9F8E-C3CCADD262BE}.Debug|x86.ActiveCfg = Debug|Any CPU
		{68ADC720-316E-4895-9F8E-C3CCADD262BE}.Debug|x86.Build.0 = Debug|Any CPU
		{68ADC720-316E-4895-9F8E-C3CCADD262BE}.Release|Any CPU.ActiveCfg = Release|Any CPU
		{68ADC720-316E-4895-9F8E-C3CCADD262BE}.Release|Any CPU.Build.0 = Release|Any CPU
		{68ADC720-316E-4895-9F8E-C3CCADD262BE}.Release|x64.ActiveCfg = Release|Any CPU
		{68ADC720-316E-4895-9F8E-C3CCADD262BE}.Release|x64.Build.0 = Release|Any CPU
		{68ADC720-316E-4895-9F8E-C3CCADD262BE}.Release|x86.ActiveCfg = Release|Any CPU
		{68ADC720-316E-4895-9F8E-C3CCADD262BE}.Release|x86.Build.0 = Release|Any CPU
		{1621415E-7723-4F46-A589-4C4620C0751A}.Debug|Any CPU.ActiveCfg = Debug|Any CPU
		{1621415E-7723-4F46-A589-4C4620C0751A}.Debug|Any CPU.Build.0 = Debug|Any CPU
		{1621415E-7723-4F46-A589-4C4620C0751A}.Debug|x64.ActiveCfg = Debug|Any CPU
		{1621415E-7723-4F46-A589-4C4620C0751A}.Debug|x64.Build.0 = Debug|Any CPU
		{1621415E-7723-4F46-A589-4C4620C0751A}.Debug|x86.ActiveCfg = Debug|Any CPU
		{1621415E-7723-4F46-A589-4C4620C0751A}.Debug|x86.Build.0 = Debug|Any CPU
		{1621415E-7723-4F46-A589-4C4620C0751A}.Release|Any CPU.ActiveCfg = Release|Any CPU
		{1621415E-7723-4F46-A589-4C4620C0751A}.Release|Any CPU.Build.0 = Release|Any CPU
		{1621415E-7723-4F46-A589-4C4620C0751A}.Release|x64.ActiveCfg = Release|Any CPU
		{1621415E-7723-4F46-A589-4C4620C0751A}.Release|x64.Build.0 = Release|Any CPU
		{1621415E-7723-4F46-A589-4C4620C0751A}.Release|x86.ActiveCfg = Release|Any CPU
		{1621415E-7723-4F46-A589-4C4620C0751A}.Release|x86.Build.0 = Release|Any CPU
		{987898D9-724E-4324-BF91-77B1A6DBE8F1}.Debug|Any CPU.ActiveCfg = Debug|Any CPU
		{987898D9-724E-4324-BF91-77B1A6DBE8F1}.Debug|Any CPU.Build.0 = Debug|Any CPU
		{987898D9-724E-4324-BF91-77B1A6DBE8F1}.Debug|x64.ActiveCfg = Debug|Any CPU
		{987898D9-724E-4324-BF91-77B1A6DBE8F1}.Debug|x64.Build.0 = Debug|Any CPU
		{987898D9-724E-4324-BF91-77B1A6DBE8F1}.Debug|x86.ActiveCfg = Debug|Any CPU
		{987898D9-724E-4324-BF91-77B1A6DBE8F1}.Debug|x86.Build.0 = Debug|Any CPU
		{987898D9-724E-4324-BF91-77B1A6DBE8F1}.Release|Any CPU.ActiveCfg = Release|Any CPU
		{987898D9-724E-4324-BF91-77B1A6DBE8F1}.Release|Any CPU.Build.0 = Release|Any CPU
		{987898D9-724E-4324-BF91-77B1A6DBE8F1}.Release|x64.ActiveCfg = Release|Any CPU
		{987898D9-724E-4324-BF91-77B1A6DBE8F1}.Release|x64.Build.0 = Release|Any CPU
		{987898D9-724E-4324-BF91-77B1A6DBE8F1}.Release|x86.ActiveCfg = Release|Any CPU
		{987898D9-724E-4324-BF91-77B1A6DBE8F1}.Release|x86.Build.0 = Release|Any CPU
		{FD63F778-3938-45D2-900B-51EC770F70E5}.Debug|Any CPU.ActiveCfg = Debug|Any CPU
		{FD63F778-3938-45D2-900B-51EC770F70E5}.Debug|Any CPU.Build.0 = Debug|Any CPU
		{FD63F778-3938-45D2-900B-51EC770F70E5}.Debug|x64.ActiveCfg = Debug|Any CPU
		{FD63F778-3938-45D2-900B-51EC770F70E5}.Debug|x64.Build.0 = Debug|Any CPU
		{FD63F778-3938-45D2-900B-51EC770F70E5}.Debug|x86.ActiveCfg = Debug|Any CPU
		{FD63F778-3938-45D2-900B-51EC770F70E5}.Debug|x86.Build.0 = Debug|Any CPU
		{FD63F778-3938-45D2-900B-51EC770F70E5}.Release|Any CPU.ActiveCfg = Release|Any CPU
		{FD63F778-3938-45D2-900B-51EC770F70E5}.Release|Any CPU.Build.0 = Release|Any CPU
		{FD63F778-3938-45D2-900B-51EC770F70E5}.Release|x64.ActiveCfg = Release|Any CPU
		{FD63F778-3938-45D2-900B-51EC770F70E5}.Release|x64.Build.0 = Release|Any CPU
		{FD63F778-3938-45D2-900B-51EC770F70E5}.Release|x86.ActiveCfg = Release|Any CPU
		{FD63F778-3938-45D2-900B-51EC770F70E5}.Release|x86.Build.0 = Release|Any CPU
		{61F7F446-9EF3-4768-B33A-4D75F60E1059}.Debug|Any CPU.ActiveCfg = Debug|Any CPU
		{61F7F446-9EF3-4768-B33A-4D75F60E1059}.Debug|Any CPU.Build.0 = Debug|Any CPU
		{61F7F446-9EF3-4768-B33A-4D75F60E1059}.Debug|x64.ActiveCfg = Debug|Any CPU
		{61F7F446-9EF3-4768-B33A-4D75F60E1059}.Debug|x64.Build.0 = Debug|Any CPU
		{61F7F446-9EF3-4768-B33A-4D75F60E1059}.Debug|x86.ActiveCfg = Debug|Any CPU
		{61F7F446-9EF3-4768-B33A-4D75F60E1059}.Debug|x86.Build.0 = Debug|Any CPU
		{61F7F446-9EF3-4768-B33A-4D75F60E1059}.Release|Any CPU.ActiveCfg = Release|Any CPU
		{61F7F446-9EF3-4768-B33A-4D75F60E1059}.Release|Any CPU.Build.0 = Release|Any CPU
		{61F7F446-9EF3-4768-B33A-4D75F60E1059}.Release|x64.ActiveCfg = Release|Any CPU
		{61F7F446-9EF3-4768-B33A-4D75F60E1059}.Release|x64.Build.0 = Release|Any CPU
		{61F7F446-9EF3-4768-B33A-4D75F60E1059}.Release|x86.ActiveCfg = Release|Any CPU
		{61F7F446-9EF3-4768-B33A-4D75F60E1059}.Release|x86.Build.0 = Release|Any CPU
		{D5296435-3A3F-4B1A-81D1-434EC9E97DEF}.Debug|Any CPU.ActiveCfg = Debug|Any CPU
		{D5296435-3A3F-4B1A-81D1-434EC9E97DEF}.Debug|Any CPU.Build.0 = Debug|Any CPU
		{D5296435-3A3F-4B1A-81D1-434EC9E97DEF}.Debug|x64.ActiveCfg = Debug|Any CPU
		{D5296435-3A3F-4B1A-81D1-434EC9E97DEF}.Debug|x64.Build.0 = Debug|Any CPU
		{D5296435-3A3F-4B1A-81D1-434EC9E97DEF}.Debug|x86.ActiveCfg = Debug|Any CPU
		{D5296435-3A3F-4B1A-81D1-434EC9E97DEF}.Debug|x86.Build.0 = Debug|Any CPU
		{D5296435-3A3F-4B1A-81D1-434EC9E97DEF}.Release|Any CPU.ActiveCfg = Release|Any CPU
		{D5296435-3A3F-4B1A-81D1-434EC9E97DEF}.Release|Any CPU.Build.0 = Release|Any CPU
		{D5296435-3A3F-4B1A-81D1-434EC9E97DEF}.Release|x64.ActiveCfg = Release|Any CPU
		{D5296435-3A3F-4B1A-81D1-434EC9E97DEF}.Release|x64.Build.0 = Release|Any CPU
		{D5296435-3A3F-4B1A-81D1-434EC9E97DEF}.Release|x86.ActiveCfg = Release|Any CPU
		{D5296435-3A3F-4B1A-81D1-434EC9E97DEF}.Release|x86.Build.0 = Release|Any CPU
		{790B8030-00C2-4121-B125-EDC4CE329BA3}.Debug|Any CPU.ActiveCfg = Debug|Any CPU
		{790B8030-00C2-4121-B125-EDC4CE329BA3}.Debug|Any CPU.Build.0 = Debug|Any CPU
		{790B8030-00C2-4121-B125-EDC4CE329BA3}.Debug|x64.ActiveCfg = Debug|Any CPU
		{790B8030-00C2-4121-B125-EDC4CE329BA3}.Debug|x64.Build.0 = Debug|Any CPU
		{790B8030-00C2-4121-B125-EDC4CE329BA3}.Debug|x86.ActiveCfg = Debug|Any CPU
		{790B8030-00C2-4121-B125-EDC4CE329BA3}.Debug|x86.Build.0 = Debug|Any CPU
		{790B8030-00C2-4121-B125-EDC4CE329BA3}.Release|Any CPU.ActiveCfg = Release|Any CPU
		{790B8030-00C2-4121-B125-EDC4CE329BA3}.Release|Any CPU.Build.0 = Release|Any CPU
		{790B8030-00C2-4121-B125-EDC4CE329BA3}.Release|x64.ActiveCfg = Release|Any CPU
		{790B8030-00C2-4121-B125-EDC4CE329BA3}.Release|x64.Build.0 = Release|Any CPU
		{790B8030-00C2-4121-B125-EDC4CE329BA3}.Release|x86.ActiveCfg = Release|Any CPU
		{790B8030-00C2-4121-B125-EDC4CE329BA3}.Release|x86.Build.0 = Release|Any CPU
		{27DFBD04-64B2-4F1B-82B2-006620CCA6F8}.Debug|Any CPU.ActiveCfg = Debug|Any CPU
		{27DFBD04-64B2-4F1B-82B2-006620CCA6F8}.Debug|Any CPU.Build.0 = Debug|Any CPU
		{27DFBD04-64B2-4F1B-82B2-006620CCA6F8}.Debug|x64.ActiveCfg = Debug|Any CPU
		{27DFBD04-64B2-4F1B-82B2-006620CCA6F8}.Debug|x64.Build.0 = Debug|Any CPU
		{27DFBD04-64B2-4F1B-82B2-006620CCA6F8}.Debug|x86.ActiveCfg = Debug|Any CPU
		{27DFBD04-64B2-4F1B-82B2-006620CCA6F8}.Debug|x86.Build.0 = Debug|Any CPU
		{27DFBD04-64B2-4F1B-82B2-006620CCA6F8}.Release|Any CPU.ActiveCfg = Release|Any CPU
		{27DFBD04-64B2-4F1B-82B2-006620CCA6F8}.Release|Any CPU.Build.0 = Release|Any CPU
		{27DFBD04-64B2-4F1B-82B2-006620CCA6F8}.Release|x64.ActiveCfg = Release|Any CPU
		{27DFBD04-64B2-4F1B-82B2-006620CCA6F8}.Release|x64.Build.0 = Release|Any CPU
		{27DFBD04-64B2-4F1B-82B2-006620CCA6F8}.Release|x86.ActiveCfg = Release|Any CPU
		{27DFBD04-64B2-4F1B-82B2-006620CCA6F8}.Release|x86.Build.0 = Release|Any CPU
		{71CB42FF-E750-4A3B-9C3A-AC938853CC89}.Debug|Any CPU.ActiveCfg = Debug|Any CPU
		{71CB42FF-E750-4A3B-9C3A-AC938853CC89}.Debug|Any CPU.Build.0 = Debug|Any CPU
		{71CB42FF-E750-4A3B-9C3A-AC938853CC89}.Debug|x64.ActiveCfg = Debug|Any CPU
		{71CB42FF-E750-4A3B-9C3A-AC938853CC89}.Debug|x64.Build.0 = Debug|Any CPU
		{71CB42FF-E750-4A3B-9C3A-AC938853CC89}.Debug|x86.ActiveCfg = Debug|Any CPU
		{71CB42FF-E750-4A3B-9C3A-AC938853CC89}.Debug|x86.Build.0 = Debug|Any CPU
		{71CB42FF-E750-4A3B-9C3A-AC938853CC89}.Release|Any CPU.ActiveCfg = Release|Any CPU
		{71CB42FF-E750-4A3B-9C3A-AC938853CC89}.Release|Any CPU.Build.0 = Release|Any CPU
		{71CB42FF-E750-4A3B-9C3A-AC938853CC89}.Release|x64.ActiveCfg = Release|Any CPU
		{71CB42FF-E750-4A3B-9C3A-AC938853CC89}.Release|x64.Build.0 = Release|Any CPU
		{71CB42FF-E750-4A3B-9C3A-AC938853CC89}.Release|x86.ActiveCfg = Release|Any CPU
		{71CB42FF-E750-4A3B-9C3A-AC938853CC89}.Release|x86.Build.0 = Release|Any CPU
		{10B6ADE1-F808-4612-801D-4452F5B52242}.Debug|Any CPU.ActiveCfg = Debug|Any CPU
		{10B6ADE1-F808-4612-801D-4452F5B52242}.Debug|Any CPU.Build.0 = Debug|Any CPU
		{10B6ADE1-F808-4612-801D-4452F5B52242}.Debug|x64.ActiveCfg = Debug|Any CPU
		{10B6ADE1-F808-4612-801D-4452F5B52242}.Debug|x64.Build.0 = Debug|Any CPU
		{10B6ADE1-F808-4612-801D-4452F5B52242}.Debug|x86.ActiveCfg = Debug|Any CPU
		{10B6ADE1-F808-4612-801D-4452F5B52242}.Debug|x86.Build.0 = Debug|Any CPU
		{10B6ADE1-F808-4612-801D-4452F5B52242}.Release|Any CPU.ActiveCfg = Release|Any CPU
		{10B6ADE1-F808-4612-801D-4452F5B52242}.Release|Any CPU.Build.0 = Release|Any CPU
		{10B6ADE1-F808-4612-801D-4452F5B52242}.Release|x64.ActiveCfg = Release|Any CPU
		{10B6ADE1-F808-4612-801D-4452F5B52242}.Release|x64.Build.0 = Release|Any CPU
		{10B6ADE1-F808-4612-801D-4452F5B52242}.Release|x86.ActiveCfg = Release|Any CPU
		{10B6ADE1-F808-4612-801D-4452F5B52242}.Release|x86.Build.0 = Release|Any CPU
		{CAE652AF-6801-425E-AAF3-AB20DE7DF88E}.Debug|Any CPU.ActiveCfg = Debug|Any CPU
		{CAE652AF-6801-425E-AAF3-AB20DE7DF88E}.Debug|Any CPU.Build.0 = Debug|Any CPU
		{CAE652AF-6801-425E-AAF3-AB20DE7DF88E}.Debug|x64.ActiveCfg = Debug|Any CPU
		{CAE652AF-6801-425E-AAF3-AB20DE7DF88E}.Debug|x64.Build.0 = Debug|Any CPU
		{CAE652AF-6801-425E-AAF3-AB20DE7DF88E}.Debug|x86.ActiveCfg = Debug|Any CPU
		{CAE652AF-6801-425E-AAF3-AB20DE7DF88E}.Debug|x86.Build.0 = Debug|Any CPU
		{CAE652AF-6801-425E-AAF3-AB20DE7DF88E}.Release|Any CPU.ActiveCfg = Release|Any CPU
		{CAE652AF-6801-425E-AAF3-AB20DE7DF88E}.Release|Any CPU.Build.0 = Release|Any CPU
		{CAE652AF-6801-425E-AAF3-AB20DE7DF88E}.Release|x64.ActiveCfg = Release|Any CPU
		{CAE652AF-6801-425E-AAF3-AB20DE7DF88E}.Release|x64.Build.0 = Release|Any CPU
		{CAE652AF-6801-425E-AAF3-AB20DE7DF88E}.Release|x86.ActiveCfg = Release|Any CPU
		{CAE652AF-6801-425E-AAF3-AB20DE7DF88E}.Release|x86.Build.0 = Release|Any CPU
		{E141A226-CC0A-4F26-BD17-4AE427D81C3B}.Debug|Any CPU.ActiveCfg = Debug|Any CPU
		{E141A226-CC0A-4F26-BD17-4AE427D81C3B}.Debug|Any CPU.Build.0 = Debug|Any CPU
		{E141A226-CC0A-4F26-BD17-4AE427D81C3B}.Debug|x64.ActiveCfg = Debug|Any CPU
		{E141A226-CC0A-4F26-BD17-4AE427D81C3B}.Debug|x64.Build.0 = Debug|Any CPU
		{E141A226-CC0A-4F26-BD17-4AE427D81C3B}.Debug|x86.ActiveCfg = Debug|Any CPU
		{E141A226-CC0A-4F26-BD17-4AE427D81C3B}.Debug|x86.Build.0 = Debug|Any CPU
		{E141A226-CC0A-4F26-BD17-4AE427D81C3B}.Release|Any CPU.ActiveCfg = Release|Any CPU
		{E141A226-CC0A-4F26-BD17-4AE427D81C3B}.Release|Any CPU.Build.0 = Release|Any CPU
		{E141A226-CC0A-4F26-BD17-4AE427D81C3B}.Release|x64.ActiveCfg = Release|Any CPU
		{E141A226-CC0A-4F26-BD17-4AE427D81C3B}.Release|x64.Build.0 = Release|Any CPU
		{E141A226-CC0A-4F26-BD17-4AE427D81C3B}.Release|x86.ActiveCfg = Release|Any CPU
		{E141A226-CC0A-4F26-BD17-4AE427D81C3B}.Release|x86.Build.0 = Release|Any CPU
		{11ECCB8B-6958-42A7-BD58-88C09CB149B2}.Debug|Any CPU.ActiveCfg = Debug|Any CPU
		{11ECCB8B-6958-42A7-BD58-88C09CB149B2}.Debug|Any CPU.Build.0 = Debug|Any CPU
		{11ECCB8B-6958-42A7-BD58-88C09CB149B2}.Debug|x64.ActiveCfg = Debug|Any CPU
		{11ECCB8B-6958-42A7-BD58-88C09CB149B2}.Debug|x64.Build.0 = Debug|Any CPU
		{11ECCB8B-6958-42A7-BD58-88C09CB149B2}.Debug|x86.ActiveCfg = Debug|Any CPU
		{11ECCB8B-6958-42A7-BD58-88C09CB149B2}.Debug|x86.Build.0 = Debug|Any CPU
		{11ECCB8B-6958-42A7-BD58-88C09CB149B2}.Release|Any CPU.ActiveCfg = Release|Any CPU
		{11ECCB8B-6958-42A7-BD58-88C09CB149B2}.Release|Any CPU.Build.0 = Release|Any CPU
		{11ECCB8B-6958-42A7-BD58-88C09CB149B2}.Release|x64.ActiveCfg = Release|Any CPU
		{11ECCB8B-6958-42A7-BD58-88C09CB149B2}.Release|x64.Build.0 = Release|Any CPU
		{11ECCB8B-6958-42A7-BD58-88C09CB149B2}.Release|x86.ActiveCfg = Release|Any CPU
		{11ECCB8B-6958-42A7-BD58-88C09CB149B2}.Release|x86.Build.0 = Release|Any CPU
		{76D4BB7E-D981-42D5-BE96-6FAD8DEF9A4A}.Debug|Any CPU.ActiveCfg = Debug|Any CPU
		{76D4BB7E-D981-42D5-BE96-6FAD8DEF9A4A}.Debug|Any CPU.Build.0 = Debug|Any CPU
		{76D4BB7E-D981-42D5-BE96-6FAD8DEF9A4A}.Debug|x64.ActiveCfg = Debug|Any CPU
		{76D4BB7E-D981-42D5-BE96-6FAD8DEF9A4A}.Debug|x64.Build.0 = Debug|Any CPU
		{76D4BB7E-D981-42D5-BE96-6FAD8DEF9A4A}.Debug|x86.ActiveCfg = Debug|Any CPU
		{76D4BB7E-D981-42D5-BE96-6FAD8DEF9A4A}.Debug|x86.Build.0 = Debug|Any CPU
		{76D4BB7E-D981-42D5-BE96-6FAD8DEF9A4A}.Release|Any CPU.ActiveCfg = Release|Any CPU
		{76D4BB7E-D981-42D5-BE96-6FAD8DEF9A4A}.Release|Any CPU.Build.0 = Release|Any CPU
		{76D4BB7E-D981-42D5-BE96-6FAD8DEF9A4A}.Release|x64.ActiveCfg = Release|Any CPU
		{76D4BB7E-D981-42D5-BE96-6FAD8DEF9A4A}.Release|x64.Build.0 = Release|Any CPU
		{76D4BB7E-D981-42D5-BE96-6FAD8DEF9A4A}.Release|x86.ActiveCfg = Release|Any CPU
		{76D4BB7E-D981-42D5-BE96-6FAD8DEF9A4A}.Release|x86.Build.0 = Release|Any CPU
	EndGlobalSection
	GlobalSection(SolutionProperties) = preSolution
		HideSolutionNode = FALSE
	EndGlobalSection
	GlobalSection(NestedProjects) = preSolution
		{50C00046-0DA3-4B5C-9F6F-7BE1145E156A} = {ED0C35EB-7F31-4841-A24F-8EB708FFA959}
		{6F5EC38C-4A11-40D3-827C-F607B90BEFF0} = {ED0C35EB-7F31-4841-A24F-8EB708FFA959}
		{68ADC720-316E-4895-9F8E-C3CCADD262BE} = {ED0C35EB-7F31-4841-A24F-8EB708FFA959}
		{1621415E-7723-4F46-A589-4C4620C0751A} = {ED0C35EB-7F31-4841-A24F-8EB708FFA959}
		{987898D9-724E-4324-BF91-77B1A6DBE8F1} = {ED0C35EB-7F31-4841-A24F-8EB708FFA959}
		{FD63F778-3938-45D2-900B-51EC770F70E5} = {ED0C35EB-7F31-4841-A24F-8EB708FFA959}
		{61F7F446-9EF3-4768-B33A-4D75F60E1059} = {ED0C35EB-7F31-4841-A24F-8EB708FFA959}
		{790B8030-00C2-4121-B125-EDC4CE329BA3} = {ED0C35EB-7F31-4841-A24F-8EB708FFA959}
		{27DFBD04-64B2-4F1B-82B2-006620CCA6F8} = {ED0C35EB-7F31-4841-A24F-8EB708FFA959}
		{71CB42FF-E750-4A3B-9C3A-AC938853CC89} = {ED0C35EB-7F31-4841-A24F-8EB708FFA959}
		{10B6ADE1-F808-4612-801D-4452F5B52242} = {ED0C35EB-7F31-4841-A24F-8EB708FFA959}
		{D27E1CB4-C641-4C6C-A140-EF5F6215AE29} = {ED0C35EB-7F31-4841-A24F-8EB708FFA959}
		{E141A226-CC0A-4F26-BD17-4AE427D81C3B} = {D27E1CB4-C641-4C6C-A140-EF5F6215AE29}
		{11ECCB8B-6958-42A7-BD58-88C09CB149B2} = {ED0C35EB-7F31-4841-A24F-8EB708FFA959}
		{76D4BB7E-D981-42D5-BE96-6FAD8DEF9A4A} = {ED0C35EB-7F31-4841-A24F-8EB708FFA959}
	EndGlobalSection
	GlobalSection(ExtensibilityGlobals) = postSolution
		SolutionGuid = {0541B30C-FF51-4E28-B172-83F5F3934BCD}
	EndGlobalSection
EndGlobal
