
Microsoft Visual Studio Solution File, Format Version 12.00
# Visual Studio 15
VisualStudioVersion = 15.0.27106.0
MinimumVisualStudioVersion = 10.0.40219.1
Project("{9A19103F-16F7-4668-BE54-9A1E7A4F7556}") = "NUnitAdapterPerfTestProject", "..\PerfAssets\NUnitAdapterPerfTestProject\NUnitAdapterPerfTestProject.csproj", "{F22A8D65-0581-4CC7-9C1C-9BC9F9E80DA4}"
EndProject
Project("{9A19103F-16F7-4668-BE54-9A1E7A4F7556}") = "XUnitAdapterPerfTestProject", "..\PerfAssets\XUnitAdapterPerfTestProject\XUnitAdapterPerfTestProject.csproj", "{C1A621CF-8FA8-437C-98E8-C6C6418FEBEF}"
EndProject
Project("{9A19103F-16F7-4668-BE54-9A1E7A4F7556}") = "MSTestAdapterPerfTestProject", "..\PerfAssets\MSTestAdapterPerfTestProject\MSTestAdapterPerfTestProject.csproj", "{52CAF89F-2309-4597-B531-79D6A96902BE}"
EndProject
Project("{9A19103F-16F7-4668-BE54-9A1E7A4F7556}") = "NUTestProject", "..\NUTestProject\NUTestProject.csproj", "{1ADE5795-2365-4790-8ACB-2EF0C2613D61}"
EndProject
Project("{9A19103F-16F7-4668-BE54-9A1E7A4F7556}") = "BlameUnitTestProject", "..\BlameUnitTestProject\BlameUnitTestProject.csproj", "{29294E06-3998-4FF4-910F-EE93A915C3A1}"
EndProject
Project("{9A19103F-16F7-4668-BE54-9A1E7A4F7556}") = "XUTestProject", "..\XUTestProject\XUTestProject.csproj", "{C8AB532E-28E9-4C5E-9F2D-06B6690FCB72}"
EndProject
Project("{9A19103F-16F7-4668-BE54-9A1E7A4F7556}") = "SimpleTestProject", "..\SimpleTestProject\SimpleTestProject.csproj", "{7E79BDC2-49BA-403A-BE07-212C463A279B}"
EndProject
Project("{9A19103F-16F7-4668-BE54-9A1E7A4F7556}") = "SimpleDataCollector", "..\SimpleDataCollector\SimpleDataCollector.csproj", "{E0042DCD-0C90-4736-B673-BC6CBDA04834}"
EndProject
Project("{9A19103F-16F7-4668-BE54-9A1E7A4F7556}") = "SimpleTestProject2", "..\SimpleTestProject2\SimpleTestProject2.csproj", "{2B0F911C-5864-4EF7-A1F4-6923F7963D74}"
EndProject
Project("{9A19103F-16F7-4668-BE54-9A1E7A4F7556}") = "OutOfProcDataCollector", "..\OutOfProcDataCollector\OutOfProcDataCollector.csproj", "{1266AB9D-94D9-496D-8AE5-73612D097A09}"
EndProject
Project("{9A19103F-16F7-4668-BE54-9A1E7A4F7556}") = "PerfTestProject", "..\PerfTestProject\PerfTestProject.csproj", "{1D1FDCD9-10B5-4C54-8A95-AD0C941F41C6}"
EndProject
Project("{9A19103F-16F7-4668-BE54-9A1E7A4F7556}") = "ConsoleRunners", "..\ConsoleRunners\ConsoleRunners.csproj", "{FBDB7A61-C1DB-4B24-B568-DA96AAD0DB8A}"
EndProject
Project("{9A19103F-16F7-4668-BE54-9A1E7A4F7556}") = "MstestV1UnitTestProject", "..\MstestV1UnitTestProject\MstestV1UnitTestProject.csproj", "{E28DD78A-E4C1-48C1-B027-88576F669C73}"
EndProject
Project("{9A19103F-16F7-4668-BE54-9A1E7A4F7556}") = "SimpleTestProjectx86", "..\SimpleTestProjectx86\SimpleTestProjectx86.csproj", "{C4369F97-5D81-4D1A-BAE1-2AE3B2408D44}"
EndProject
Project("{9A19103F-16F7-4668-BE54-9A1E7A4F7556}") = "SimpleTestProjectARM", "..\SimpleTestProjectARM\SimpleTestProjectARM.csproj", "{7C865EAA-C6C2-4CAF-A6AD-D9CF29577A36}"
EndProject
Project("{9A19103F-16F7-4668-BE54-9A1E7A4F7556}") = "CUITTestProject", "..\CUITTestProject\CUITTestProject.csproj", "{CF46C8A0-E9FA-40E9-96CA-DCD3797546D8}"
EndProject
Project("{9A19103F-16F7-4668-BE54-9A1E7A4F7556}") = "DisableAppdomainTest1", "..\DisableAppdomainTest1\DisableAppdomainTest1.csproj", "{36C7990F-0A36-47CE-8E10-7887D24E2F9A}"
EndProject
Project("{9A19103F-16F7-4668-BE54-9A1E7A4F7556}") = "DisableAppdomainTest2", "..\DisableAppdomainTest2\DisableAppdomainTest2.csproj", "{A09B21CC-F726-413A-B185-3AE1172BAED0}"
EndProject
Global
	GlobalSection(SolutionConfigurationPlatforms) = preSolution
		Debug|Any CPU = Debug|Any CPU
		Release|Any CPU = Release|Any CPU
	EndGlobalSection
	GlobalSection(ProjectConfigurationPlatforms) = postSolution
		{F22A8D65-0581-4CC7-9C1C-9BC9F9E80DA4}.Debug|Any CPU.ActiveCfg = Debug|Any CPU
		{F22A8D65-0581-4CC7-9C1C-9BC9F9E80DA4}.Debug|Any CPU.Build.0 = Debug|Any CPU
		{F22A8D65-0581-4CC7-9C1C-9BC9F9E80DA4}.Release|Any CPU.ActiveCfg = Release|Any CPU
		{F22A8D65-0581-4CC7-9C1C-9BC9F9E80DA4}.Release|Any CPU.Build.0 = Release|Any CPU
		{C1A621CF-8FA8-437C-98E8-C6C6418FEBEF}.Debug|Any CPU.ActiveCfg = Debug|Any CPU
		{C1A621CF-8FA8-437C-98E8-C6C6418FEBEF}.Debug|Any CPU.Build.0 = Debug|Any CPU
		{C1A621CF-8FA8-437C-98E8-C6C6418FEBEF}.Release|Any CPU.ActiveCfg = Release|Any CPU
		{C1A621CF-8FA8-437C-98E8-C6C6418FEBEF}.Release|Any CPU.Build.0 = Release|Any CPU
		{52CAF89F-2309-4597-B531-79D6A96902BE}.Debug|Any CPU.ActiveCfg = Debug|Any CPU
		{52CAF89F-2309-4597-B531-79D6A96902BE}.Debug|Any CPU.Build.0 = Debug|Any CPU
		{52CAF89F-2309-4597-B531-79D6A96902BE}.Release|Any CPU.ActiveCfg = Release|Any CPU
		{52CAF89F-2309-4597-B531-79D6A96902BE}.Release|Any CPU.Build.0 = Release|Any CPU
		{1ADE5795-2365-4790-8ACB-2EF0C2613D61}.Debug|Any CPU.ActiveCfg = Debug|Any CPU
		{1ADE5795-2365-4790-8ACB-2EF0C2613D61}.Debug|Any CPU.Build.0 = Debug|Any CPU
		{1ADE5795-2365-4790-8ACB-2EF0C2613D61}.Release|Any CPU.ActiveCfg = Release|Any CPU
		{1ADE5795-2365-4790-8ACB-2EF0C2613D61}.Release|Any CPU.Build.0 = Release|Any CPU
		{29294E06-3998-4FF4-910F-EE93A915C3A1}.Debug|Any CPU.ActiveCfg = Debug|Any CPU
		{29294E06-3998-4FF4-910F-EE93A915C3A1}.Debug|Any CPU.Build.0 = Debug|Any CPU
		{29294E06-3998-4FF4-910F-EE93A915C3A1}.Release|Any CPU.ActiveCfg = Release|Any CPU
		{29294E06-3998-4FF4-910F-EE93A915C3A1}.Release|Any CPU.Build.0 = Release|Any CPU
		{C8AB532E-28E9-4C5E-9F2D-06B6690FCB72}.Debug|Any CPU.ActiveCfg = Debug|Any CPU
		{C8AB532E-28E9-4C5E-9F2D-06B6690FCB72}.Debug|Any CPU.Build.0 = Debug|Any CPU
		{C8AB532E-28E9-4C5E-9F2D-06B6690FCB72}.Release|Any CPU.ActiveCfg = Release|Any CPU
		{C8AB532E-28E9-4C5E-9F2D-06B6690FCB72}.Release|Any CPU.Build.0 = Release|Any CPU
		{7E79BDC2-49BA-403A-BE07-212C463A279B}.Debug|Any CPU.ActiveCfg = Debug|Any CPU
		{7E79BDC2-49BA-403A-BE07-212C463A279B}.Debug|Any CPU.Build.0 = Debug|Any CPU
		{7E79BDC2-49BA-403A-BE07-212C463A279B}.Release|Any CPU.ActiveCfg = Release|Any CPU
		{7E79BDC2-49BA-403A-BE07-212C463A279B}.Release|Any CPU.Build.0 = Release|Any CPU
		{E0042DCD-0C90-4736-B673-BC6CBDA04834}.Debug|Any CPU.ActiveCfg = Debug|Any CPU
		{E0042DCD-0C90-4736-B673-BC6CBDA04834}.Debug|Any CPU.Build.0 = Debug|Any CPU
		{E0042DCD-0C90-4736-B673-BC6CBDA04834}.Release|Any CPU.ActiveCfg = Release|Any CPU
		{E0042DCD-0C90-4736-B673-BC6CBDA04834}.Release|Any CPU.Build.0 = Release|Any CPU
		{2B0F911C-5864-4EF7-A1F4-6923F7963D74}.Debug|Any CPU.ActiveCfg = Debug|Any CPU
		{2B0F911C-5864-4EF7-A1F4-6923F7963D74}.Debug|Any CPU.Build.0 = Debug|Any CPU
		{2B0F911C-5864-4EF7-A1F4-6923F7963D74}.Release|Any CPU.ActiveCfg = Release|Any CPU
		{2B0F911C-5864-4EF7-A1F4-6923F7963D74}.Release|Any CPU.Build.0 = Release|Any CPU
		{1266AB9D-94D9-496D-8AE5-73612D097A09}.Debug|Any CPU.ActiveCfg = Debug|Any CPU
		{1266AB9D-94D9-496D-8AE5-73612D097A09}.Debug|Any CPU.Build.0 = Debug|Any CPU
		{1266AB9D-94D9-496D-8AE5-73612D097A09}.Release|Any CPU.ActiveCfg = Release|Any CPU
		{1266AB9D-94D9-496D-8AE5-73612D097A09}.Release|Any CPU.Build.0 = Release|Any CPU
		{1D1FDCD9-10B5-4C54-8A95-AD0C941F41C6}.Debug|Any CPU.ActiveCfg = Debug|Any CPU
		{1D1FDCD9-10B5-4C54-8A95-AD0C941F41C6}.Debug|Any CPU.Build.0 = Debug|Any CPU
		{1D1FDCD9-10B5-4C54-8A95-AD0C941F41C6}.Release|Any CPU.ActiveCfg = Release|Any CPU
		{1D1FDCD9-10B5-4C54-8A95-AD0C941F41C6}.Release|Any CPU.Build.0 = Release|Any CPU
		{FBDB7A61-C1DB-4B24-B568-DA96AAD0DB8A}.Debug|Any CPU.ActiveCfg = Debug|Any CPU
		{FBDB7A61-C1DB-4B24-B568-DA96AAD0DB8A}.Debug|Any CPU.Build.0 = Debug|Any CPU
		{FBDB7A61-C1DB-4B24-B568-DA96AAD0DB8A}.Release|Any CPU.ActiveCfg = Release|Any CPU
		{FBDB7A61-C1DB-4B24-B568-DA96AAD0DB8A}.Release|Any CPU.Build.0 = Release|Any CPU
		{E28DD78A-E4C1-48C1-B027-88576F669C73}.Debug|Any CPU.ActiveCfg = Debug|Any CPU
		{E28DD78A-E4C1-48C1-B027-88576F669C73}.Debug|Any CPU.Build.0 = Debug|Any CPU
		{E28DD78A-E4C1-48C1-B027-88576F669C73}.Release|Any CPU.ActiveCfg = Release|Any CPU
		{E28DD78A-E4C1-48C1-B027-88576F669C73}.Release|Any CPU.Build.0 = Release|Any CPU
		{C4369F97-5D81-4D1A-BAE1-2AE3B2408D44}.Debug|Any CPU.ActiveCfg = Debug|Any CPU
		{C4369F97-5D81-4D1A-BAE1-2AE3B2408D44}.Debug|Any CPU.Build.0 = Debug|Any CPU
		{C4369F97-5D81-4D1A-BAE1-2AE3B2408D44}.Release|Any CPU.ActiveCfg = Release|Any CPU
		{C4369F97-5D81-4D1A-BAE1-2AE3B2408D44}.Release|Any CPU.Build.0 = Release|Any CPU
		{7C865EAA-C6C2-4CAF-A6AD-D9CF29577A36}.Debug|Any CPU.ActiveCfg = Debug|Any CPU
		{7C865EAA-C6C2-4CAF-A6AD-D9CF29577A36}.Debug|Any CPU.Build.0 = Debug|Any CPU
		{7C865EAA-C6C2-4CAF-A6AD-D9CF29577A36}.Release|Any CPU.ActiveCfg = Release|Any CPU
		{7C865EAA-C6C2-4CAF-A6AD-D9CF29577A36}.Release|Any CPU.Build.0 = Release|Any CPU
		{CF46C8A0-E9FA-40E9-96CA-DCD3797546D8}.Debug|Any CPU.ActiveCfg = Debug|Any CPU
		{CF46C8A0-E9FA-40E9-96CA-DCD3797546D8}.Debug|Any CPU.Build.0 = Debug|Any CPU
		{CF46C8A0-E9FA-40E9-96CA-DCD3797546D8}.Release|Any CPU.ActiveCfg = Release|Any CPU
		{CF46C8A0-E9FA-40E9-96CA-DCD3797546D8}.Release|Any CPU.Build.0 = Release|Any CPU
		{36C7990F-0A36-47CE-8E10-7887D24E2F9A}.Debug|Any CPU.ActiveCfg = Debug|Any CPU
		{36C7990F-0A36-47CE-8E10-7887D24E2F9A}.Debug|Any CPU.Build.0 = Debug|Any CPU
		{36C7990F-0A36-47CE-8E10-7887D24E2F9A}.Release|Any CPU.ActiveCfg = Release|Any CPU
		{36C7990F-0A36-47CE-8E10-7887D24E2F9A}.Release|Any CPU.Build.0 = Release|Any CPU
		{A09B21CC-F726-413A-B185-3AE1172BAED0}.Debug|Any CPU.ActiveCfg = Debug|Any CPU
		{A09B21CC-F726-413A-B185-3AE1172BAED0}.Debug|Any CPU.Build.0 = Debug|Any CPU
		{A09B21CC-F726-413A-B185-3AE1172BAED0}.Release|Any CPU.ActiveCfg = Release|Any CPU
		{A09B21CC-F726-413A-B185-3AE1172BAED0}.Release|Any CPU.Build.0 = Release|Any CPU
	EndGlobalSection
	GlobalSection(SolutionProperties) = preSolution
		HideSolutionNode = FALSE
	EndGlobalSection
	GlobalSection(ExtensibilityGlobals) = postSolution
		SolutionGuid = {D2334DAA-F7B2-450E-ABA4-FBC185152500}
	EndGlobalSection
EndGlobal
