
Microsoft Visual Studio Solution File, Format Version 12.00
# Visual Studio Version 17
VisualStudioVersion = 17.3.32628.621
MinimumVisualStudioVersion = 10.0.40219.1
Project("{FAE04EC0-301F-11D3-BF4B-00C04F79EFBC}") = "Client", "Client\Client.csproj", "{1117A389-7FE7-4DDE-8B85-5BF2A837E6E9}"
EndProject
Project("{FAE04EC0-301F-11D3-BF4B-00C04F79EFBC}") = "MSTestTestProject", "MSTestTestProject\MSTestTestProject.csproj", "{54B9FD48-438C-4B5B-BBE5-3A9642D2C114}"
EndProject
Project("{FAE04EC0-301F-11D3-BF4B-00C04F79EFBC}") = "XUnitTestProject", "XUnitTestProject\XUnitTestProject.csproj", "{4587F68F-65EA-41B2-BD2A-98317C05B930}"
EndProject
Global
	GlobalSection(SolutionConfigurationPlatforms) = preSolution
		Debug|Any CPU = Debug|Any CPU
		Release|Any CPU = Release|Any CPU
	EndGlobalSection
	GlobalSection(ProjectConfigurationPlatforms) = postSolution
		{1117A389-7FE7-4DDE-8B85-5BF2A837E6E9}.Debug|Any CPU.ActiveCfg = Debug|Any CPU
		{1117A389-7FE7-4DDE-8B85-5BF2A837E6E9}.Debug|Any CPU.Build.0 = Debug|Any CPU
		{1117A389-7FE7-4DDE-8B85-5BF2A837E6E9}.Release|Any CPU.ActiveCfg = Release|Any CPU
		{1117A389-7FE7-4DDE-8B85-5BF2A837E6E9}.Release|Any CPU.Build.0 = Release|Any CPU
		{54B9FD48-438C-4B5B-BBE5-3A9642D2C114}.Debug|Any CPU.ActiveCfg = Debug|Any CPU
		{54B9FD48-438C-4B5B-BBE5-3A9642D2C114}.Debug|Any CPU.Build.0 = Debug|Any CPU
		{54B9FD48-438C-4B5B-BBE5-3A9642D2C114}.Release|Any CPU.ActiveCfg = Release|Any CPU
		{54B9FD48-438C-4B5B-BBE5-3A9642D2C114}.Release|Any CPU.Build.0 = Release|Any CPU
		{4587F68F-65EA-41B2-BD2A-98317C05B930}.Debug|Any CPU.ActiveCfg = Debug|Any CPU
		{4587F68F-65EA-41B2-BD2A-98317C05B930}.Debug|Any CPU.Build.0 = Debug|Any CPU
		{4587F68F-65EA-41B2-BD2A-98317C05B930}.Release|Any CPU.ActiveCfg = Release|Any CPU
		{4587F68F-65EA-41B2-BD2A-98317C05B930}.Release|Any CPU.Build.0 = Release|Any CPU
	EndGlobalSection
	GlobalSection(SolutionProperties) = preSolution
		HideSolutionNode = FALSE
	EndGlobalSection
	GlobalSection(ExtensibilityGlobals) = postSolution
		SolutionGuid = {043A0940-73E8-402B-8964-4D43D6CD359E}
	EndGlobalSection
EndGlobal
